#MicroXplorer Configuration settings - do not modify
PB7.PinAttribute=CortexM7
Dma.USART1_TX.7.MemInc=DMA_MINC_ENABLE
PD7.Mode=NorPsramChipSelect1_1
DSI_CKN.Mode=DSIHost_Adapted_TE
Dma.USART6_RX.10.MemDataAlignment=DMA_MDATAALIGN_BYTE
PB13.GPIOParameters=GPIO_Label,PinAttribute
PD12.GPIO_Label=A17 [PC28F128M29EWLA_A17]
PA15\ (JTDI).GPIOParameters=PinAttribute
PC7.GPIOParameters=GPIO_Label,PinAttribute
SH.FMC_D0_DA0.ConfNb=3
Dma.UART5_TX.3.MemDataAlignment=DMA_MDATAALIGN_BYTE
PI7.GPIOParameters=GPIO_Label,PinAttribute
SH.FMC_A8.ConfNb=3
SH.FMC_A0.ConfNb=3
SH.FMC_D6_DA6.ConfNb=3
SH.FMC_D9_DA9.ConfNb=3
NVIC1.TimeBaseIP=TIM1
SH.FMC_A0.0=FMC_A0,19b-a1
PE11.GPIOParameters=GPIO_Label,PinAttribute
SH.FMC_A0.2=FMC_A0,11b-sda1
SH.FMC_A0.1=FMC_A0,19b-a2
PH15.GPIO_Label=D23 [IS42S32800G_DQ23]
PH0-OSC_IN\ (PH0).PinAttribute=CortexM7
NVIC2.SysTick_IRQn=true\:15\:0\:false\:false\:false\:false\:false
PI10.PinAttribute=CortexM7
PG8.Signal=FMC_SDCLK
PG8.Locked=true
PG0.Locked=true
PC7.Locked=true
PG0.Signal=FMC_A10
RCC.PLLFRACN=0
FREERTOS_M4.IPParameters=Tasks01,configUSE_MALLOC_FAILED_HOOK
PD8.Locked=true
Dma.UART5_TX.3.SyncEnable=DISABLE
RCC.RTCFreq_Value=32000
PA5.PinAttribute=CortexM7
RCC.PLLDSIFreq_Value=250000000
PA15\ (JTDI).Signal=DSIHOST_TE
PD0.Locked=true
RCC.CpuClockFreq_Value=480000000
PD2.GPIOParameters=PinAttribute
SH.FMC_SDNWE.ConfNb=1
PG14.GPIOParameters=PinAttribute
PK1.Signal=SPI5_NSS
USART1.IPParameters=VirtualMode-Asynchronous
SH.FMC_D5_DA5.1=FMC_D5,16b-d2
SH.FMC_D5_DA5.0=FMC_D5,16b-d1
SH.FMC_D5_DA5.2=FMC_D5,sd-32b-d1
PA2.GPIOParameters=GPIO_Label,PinAttribute
PG2.GPIOParameters=GPIO_Label,PinAttribute
Dma.UART8_RX.4.Mode=DMA_NORMAL
SH.FMC_NWE.1=FMC_NWE,Sram2
SH.FMC_NWE.0=FMC_NWE,NorFlash1
USB_OTG_HS.VirtualMode-Device_HS=Device_HS
Dma.USART6_RX.10.EventEnable=DISABLE
PB8.PinAttribute=CortexM7
DSI_D1N.Mode=DSIHost_Adapted_TE
PB6.PinAttribute=CortexM7
SH.FMC_D9_DA9.2=FMC_D9,sd-32b-d1
SH.FMC_D9_DA9.0=FMC_D9,16b-d1
SH.FMC_D9_DA9.1=FMC_D9,16b-d2
RCC.LPTIM1Freq_Value=120000000
Dma.USART3_RX.8.Direction=DMA_PERIPH_TO_MEMORY
Dma.UART8_RX.4.EventEnable=DISABLE
NVIC1.DMA1_Stream7_IRQn=true\:0\:0\:false\:false\:true\:false\:true
SH.FMC_D25.0=FMC_D25,sd-32b-d1
SH.FMC_NBL2.ConfNb=1
SH.FMC_D11_DA11.2=FMC_D11,sd-32b-d1
PG15.GPIO_Label=SDNCAS [IS42S32800G_CAS]
Dma.UART8_TX.5.MemDataAlignment=DMA_MDATAALIGN_BYTE
Dma.USART1_TX.7.MemDataAlignment=DMA_MDATAALIGN_BYTE
SH.FMC_SDNWE.0=FMC_SDNWE,11b-sda1
NVIC1.SysTick_IRQn=true\:15\:0\:false\:false\:false\:false\:false
PI11.PinAttribute=CortexM7
Dma.USART6_RX.10.SyncEnable=DISABLE
PH9.Signal=FMC_D17
SH.FMC_D11_DA11.0=FMC_D11,16b-d1
SH.FMC_D11_DA11.1=FMC_D11,16b-d2
RCC.I2C4Freq_Value=120000000
PB6.Signal=I2C1_SCL
PC7.Signal=SDMMC1_D123DIR
PD0.Signal=FMC_D2_DA2
PD8.Signal=FMC_D13_DA13
USART6.VirtualMode-Asynchronous=VM_ASYNC
Dma.UART5_RX.2.SyncPolarity=HAL_DMAMUX_SYNC_NO_EVENT
Dma.UART8_RX.4.Priority=DMA_PRIORITY_LOW
Dma.USART6_RX.10.RequestParameters=Instance,Direction,PeriphInc,MemInc,PeriphDataAlignment,MemDataAlignment,Mode,Priority,FIFOMode,FIFOThreshold,MemBurst,PeriphBurst,SignalID,Polarity,RequestNumber,SyncSignalID,SyncPolarity,SyncEnable,EventEnable,SyncRequestNumber
Dma.USART1_TX.7.Priority=DMA_PRIORITY_LOW
PE1.Signal=FMC_NBL1
PE14.Locked=true
SH.FMC_A18.1=FMC_A18,19b-a2
ProjectManager.ProjectBuild=false
SH.FMC_A18.0=FMC_A18,19b-a1
PA8.Locked=true
PF1.GPIO_Label=A1 [PC28F128M29EWLA_A1]
PK4.GPIO_Label=LD2
PI4.GPIO_Label=FMC_NBL2 [IS42S32800G_DQM2]
PD1.GPIO_Label=D3 [IS42S32800G_DQ3]
PB12.GPIO_Label=ULPI_D5 [USB3320C_D5]
PG14.Mode=Asynchronous
SH.FMC_A2.2=FMC_A2,11b-sda1
ProjectManager.FirmwarePackage=STM32Cube FW_H7 V1.7.0
SH.FMC_A2.1=FMC_A2,19b-a2
PF12.GPIO_Label=A6 [PC28F128M29EWLA_A6]
PI7.Locked=true
ProjectManager.BackupPrevious=false
RCC.FMCFreq_Value=240000000
NVIC1.DebugMonitor_IRQn=true\:0\:0\:false\:false\:true\:false\:false
PC4.GPIO_Label=RMII_RXD0 [LAN8742A_RXD0]
PG12.GPIOParameters=GPIO_Label,PinAttribute
PE9.Signal=FMC_D6_DA6
Dma.UART4_RX.0.SignalID=NONE
PI2.Locked=true
SH.FMC_A2.0=FMC_A2,19b-a1
PE9.Locked=true
PB14.Mode=Asynchronous
PD8.PinAttribute=CortexM7
PB1.GPIO_Label=ULPI_D2 [USB3320C_D2]
RCC.USART16Freq_Value=60000000
PF13.Locked=true
VP_FREERTOS_M4_VS_CMSIS_V2.Signal=FREERTOS_M4_VS_CMSIS_V2
PA8.Signal=RCC_MCO_1
PF2.Locked=true
CortexM7.Pins=PK5,PK4,PK6,PK3,PA10,PC13,PG7,PK2
PE1.Locked=true
SH.FMC_D1_DA1.0=FMC_D1,16b-d1
PB6.Locked=true
SH.FMC_D1_DA1.1=FMC_D1,16b-d2
SH.FMC_D1_DA1.2=FMC_D1,sd-32b-d1
USB_OTG_HS.IPParameters=VirtualMode-Device_HS
Dma.USART1_RX.6.PeriphInc=DMA_PINC_DISABLE
PA3.PinAttribute=CortexM7
ProjectManager.HalAssertFull=false
RCC.DIVP2Freq_Value=58593750
PA0.Signal=UART4_TX
Dma.UART8_TX.5.EventEnable=DISABLE
Dma.UART5_TX.3.SyncRequestNumber=1
PA7.PinAttribute=CortexM7
Mcu.Package=TFBGA240
PB9.Signal=SDMMC1_CDIR
PB1.Signal=USB_OTG_HS_ULPI_D2
PA5.Locked=true
PB15.PinAttribute=CortexM7
RCC.PLL3FRACN=0
SH.GPXTI8.0=GPIO_EXTI8
DSI_D0P.Mode=DSIHost_Adapted_TE
PD12.Signal=FMC_A17_ALE
SH.FMC_SDNCAS.ConfNb=1
SH.FMC_A11.ConfNb=2
USART3.IPParameters=VirtualMode-Asynchronous
SH.FMC_D27.0=FMC_D27,sd-32b-d1
PA10.Signal=GPIO_Output
PE12.GPIO_Label=D9 [IS42S32800G_DQ9]
PH6.Locked=true
PC11.Mode=Asynchronous
Mcu.Context0=CortexM7
Mcu.Context1=CortexM4
PH9.Locked=true
SPI5.CalculateBaudRate=30.0 MBits/s
PD7.PinAttribute=CortexM7
Dma.USART1_RX.6.SyncRequestNumber=1
PC14-OSC32_IN\ (OSC32_IN).Mode=LSE-External-Oscillator
Dma.UART5_TX.3.EventEnable=DISABLE
RCC.LPUART1Freq_Value=120000000
USB_OTG_FS.IPParameters=VirtualMode
DSI_CKP.GPIOParameters=PinAttribute
PB13.Mode=Device_HS
PD5.Locked=true
PD15.Signal=FMC_D1_DA1
RCC.VCO3OutputFreq_Value=100781250
PG10.PinAttribute=CortexM7
SH.FMC_D3_DA3.ConfNb=3
PC7.PinAttribute=CortexM4
PG12.Signal=ETH_TXD1
PA5.Mode=Device_HS
Dma.UART4_RX.0.MemInc=DMA_MINC_ENABLE
Dma.USART3_TX.9.RequestNumber=1
PG12.PinAttribute=CortexM7
Dma.UART4_RX.0.SyncRequestNumber=1
PD6.GPIOParameters=GPIO_Label,PinAttribute
Mcu.Pin80=DSI_D0P
Mcu.Pin81=DSI_D0N
PK4.Signal=GPIO_Output
SH.FMC_A4.0=FMC_A4,19b-a1
SH.FMC_A4.2=FMC_A4,11b-sda1
Dma.UART8_TX.5.SyncSignalID=NONE
ProjectManager.ProjectFileName=TimeServer_H757.ioc
SH.FMC_A4.1=FMC_A4,19b-a2
SH.FMC_A5.ConfNb=3
PH13.Locked=true
PH13.Signal=FMC_D21
SH.FMC_D10_DA10.2=FMC_D10,sd-32b-d1
Mcu.Pin79=PJ9
Dma.USART3_RX.8.EventEnable=DISABLE
RCC.HPREFreq_Value=80000000
PI10.Locked=true
Mcu.PinsNb=137
Dma.UART4_TX.1.SyncPolarity=HAL_DMAMUX_SYNC_NO_EVENT
PA1.PinAttribute=CortexM7
PC14-OSC32_IN\ (OSC32_IN).GPIOParameters=GPIO_Label,PinAttribute
Mcu.Pin73=DSI_D1N
Mcu.Pin74=PC0
Mcu.Pin71=PF8
Mcu.Pin72=DSI_D1P
PC13.Locked=true
PG5.Locked=true
Mcu.Pin77=DSI_CKN
PG5.Signal=FMC_A15_BA1
Mcu.Pin78=PC1
Mcu.Pin75=PF9
SH.FMC_D10_DA10.1=FMC_D10,16b-d2
PC13.Signal=GPIO_Input
PG3.Locked=true
Mcu.Pin76=DSI_CKP
SH.FMC_D10_DA10.0=FMC_D10,16b-d1
Dma.Request11=USART6_TX
Dma.Request10=USART6_RX
Mcu.Pin70=PK1
Dma.USART3_RX.8.RequestParameters=Instance,Direction,PeriphInc,MemInc,PeriphDataAlignment,MemDataAlignment,Mode,Priority,FIFOMode,SignalID,Polarity,RequestNumber,SyncSignalID,SyncPolarity,SyncEnable,EventEnable,SyncRequestNumber
PG9.Mode=Asynchronous
PF9.PinAttribute=CortexM7
Dma.USART1_RX.6.SyncSignalID=NONE
SH.FMC_D16.0=FMC_D16,sd-32b-d1
FREERTOS_M7.IPParameters=Tasks01,configUSE_MALLOC_FAILED_HOOK
Mcu.Pin68=PF4
Mcu.Pin69=PK0
PE8.PinAttribute=CortexM7
PB14.Locked=true
Dma.UART5_RX.2.EventEnable=DISABLE
Mcu.Pin62=PG3
Mcu.Pin63=PG2
Mcu.Pin60=PF3
Mcu.Pin61=PG4
PA9.PinAttribute=CortexM7
Mcu.Pin66=PH0-OSC_IN (PH0)
Mcu.Pin67=PF5
Mcu.Pin64=PK2
Mcu.Pin65=PH1-OSC_OUT (PH1)
PG13.PinAttribute=CortexM7
ETH.IPParameters=MediaInterface
PD10.Signal=FMC_D15_DA15
RCC.D1CPREFreq_Value=480000000
PA3.Mode=Device_HS
Dma.USART1_RX.6.RequestParameters=Instance,Direction,PeriphInc,MemInc,PeriphDataAlignment,MemDataAlignment,Mode,Priority,FIFOMode,SignalID,Polarity,RequestNumber,SyncSignalID,SyncPolarity,SyncEnable,EventEnable,SyncRequestNumber
Dma.USART1_RX.6.MemInc=DMA_MINC_ENABLE
RCC.Tim1OutputFreq_Value=240000000
PI8.GPIO_Label=GPIO_EXPANDER_INT [MFX_V3_IRQOUT]
PA8.GPIO_Label=MCO1
DSI_D0N.Signal=DSIHOST_D0N
SH.FMC_D29.0=FMC_D29,sd-32b-d1
Mcu.Pin59=PG5
Mcu.Pin57=PF1
PC15-OSC32_OUT\ (OSC32_OUT).Locked=true
Mcu.Pin58=PF0
PA0.PinAttribute=CortexM7
PH11.GPIOParameters=GPIO_Label,PinAttribute
Dma.UART8_TX.5.Direction=DMA_MEMORY_TO_PERIPH
PA2.PinAttribute=CortexM7
PH4.Locked=true
Mcu.Pin51=PI11
Mcu.Pin52=PC7
Mcu.Pin50=PI10
RCC.PLLDSIVCOFreq_Value=500000000
Mcu.Pin55=PG7
Mcu.Pin56=PF2
Mcu.Pin53=PC6
SH.FMC_NWAIT.ConfNb=2
Mcu.Pin54=PG8
PE8.GPIO_Label=D5 [IS42S32800G_DQ5]
PH11.GPIO_Label=D19 [IS42S32800G_DQ19]
Dma.UART5_RX.2.RequestNumber=1
Dma.UART4_TX.1.SyncEnable=DISABLE
PB9.Locked=true
PB11.GPIOParameters=GPIO_Label,PinAttribute
Dma.USART1_RX.6.FIFOMode=DMA_FIFOMODE_DISABLE
PI3.GPIOParameters=GPIO_Label,PinAttribute
Mcu.Pin48=PA12
Mcu.Pin49=PA11
PH13.GPIOParameters=GPIO_Label,PinAttribute
Mcu.Pin46=PD1
Mcu.Pin47=PA8
PF3.GPIOParameters=GPIO_Label,PinAttribute
PB14.Signal=USART1_TX
VP_SYS_M4_VS_tim1.Mode=TIM1
Mcu.Pin40=PA10
PA5.Signal=USB_OTG_HS_ULPI_CK
Mcu.Pin41=PA9
PE13.GPIOParameters=GPIO_Label,PinAttribute
Dma.USART1_RX.6.Instance=DMA1_Stream6
PC12.Mode=Asynchronous
Mcu.Pin44=PC13
Mcu.Pin45=PI8
Mcu.Pin42=PH13
PG11.PinAttribute=CortexM7
Mcu.Pin43=PI9
Dma.UART4_RX.0.SyncSignalID=NONE
DSI_D1N.Signal=DSIHOST_D1N
VP_LTDC_DSIMode.Signal=LTDC_DSIMode
PE1.GPIO_Label=FMC_NBL1 [IS42S32800G_DQM1]
PB9.PinAttribute=CortexM4
Dma.UART4_RX.0.FIFOMode=DMA_FIFOMODE_DISABLE
PG9.PinAttribute=CortexM7
DSI_D1N.Locked=true
PI7.Signal=FMC_D29
PB1.PinAttribute=CortexM7
SH.FMC_A6.0=FMC_A6,19b-a1
NVIC2.BusFault_IRQn=true\:0\:0\:false\:false\:true\:false\:false
RCC.AHB12Freq_Value=240000000
SH.FMC_A6.2=FMC_A6,11b-sda1
PE14.Signal=FMC_D11_DA11
SH.FMC_A6.1=FMC_A6,19b-a2
Mcu.Pin37=PG13
Mcu.Pin38=PD2
Mcu.Pin35=PG15
PB15.GPIO_Label=RS_232RX [ST3241EBPR_R3OUT]
Mcu.Pin36=PG14
NVIC1.DMA2_Stream0_IRQn=true\:0\:0\:false\:false\:true\:false\:true
SH.FMC_D14_DA14.ConfNb=3
Mcu.Pin39=PD0
PG7.GPIO_Label=eINK_BUSY
PI2.Signal=FMC_D26
PF4.GPIO_Label=A4 [PC28F128M29EWLA_A4]
Mcu.Pin30=PD7
PA1.GPIO_Label=RMII_REF_CLK [LAN8742A_REFCLK0]
Mcu.Pin33=PB9
Dma.USART1_TX.7.EventEnable=DISABLE
Mcu.Pin34=PB8
Dma.UART8_TX.5.RequestNumber=1
Mcu.Pin31=PC12
Mcu.Pin32=PI3
PF13.Signal=FMC_A7
PC10.GPIOParameters=PinAttribute
SH.FMC_NBL2.0=FMC_NBL2,Sd4ByteEnable1
Dma.UART4_TX.1.SyncSignalID=NONE
PF9.GPIOParameters=PinAttribute
PI9.GPIOParameters=GPIO_Label,PinAttribute
Mcu.Pin26=PB7
SH.FMC_D18.0=FMC_D18,sd-32b-d1
Mcu.Pin27=PK6
SH.FMC_D21.ConfNb=1
Mcu.Pin24=PC14-OSC32_IN (OSC32_IN)
Mcu.Pin25=PE0
Mcu.Pin28=PK3
PC7.GPIO_Label=SDIO1_D123DIR
Mcu.Pin29=PG12
DSI_D0N.Mode=DSIHost_Adapted_TE
PD14.GPIOParameters=GPIO_Label,PinAttribute
Mcu.Pin22=PH14
ETH.MediaInterface=HAL_ETH_RMII_MODE
Mcu.Pin23=PC15-OSC32_OUT (OSC32_OUT)
PA8.PinAttribute=CortexM7
Mcu.Pin20=PI2
Mcu.Pin21=PH15
PA3.Locked=true
PD10.Locked=true
PC14-OSC32_IN\ (OSC32_IN).GPIO_Label=OSC32_IN
PA10.Locked=true
PA5.GPIO_Label=ULPI_CK  [USB3320C_CLKOUT]
Dma.USART3_TX.9.SyncPolarity=HAL_DMAMUX_SYNC_NO_EVENT
Dma.USART3_RX.8.PeriphDataAlignment=DMA_PDATAALIGN_BYTE
PD15.Locked=true
PJ8.Signal=UART8_TX
PE9.PinAttribute=CortexM7
Dma.USART1_TX.7.RequestNumber=1
SH.FMC_SDNRAS.ConfNb=1
ProjectManager.HeapSize=0x200
Mcu.Pin15=PB6
PA0.GPIOParameters=PinAttribute
Dma.UART5_RX.2.Mode=DMA_NORMAL
Mcu.Pin16=PK4
PB1.Mode=Device_HS
Mcu.Pin13=PI7
Mcu.Pin14=PE1
PH6.Signal=FMC_SDNE1
Mcu.Pin19=PC11
PD9.PinAttribute=CortexM7
Dma.UART4_TX.1.RequestParameters=Instance,Direction,PeriphInc,MemInc,PeriphDataAlignment,MemDataAlignment,Mode,Priority,FIFOMode,SignalID,Polarity,RequestNumber,SyncSignalID,SyncPolarity,SyncEnable,EventEnable,SyncRequestNumber
Mcu.Pin17=PG11
NVIC1.DMA1_Stream0_IRQn=true\:0\:0\:false\:false\:true\:false\:true
Mcu.Pin18=PD6
Dma.UART8_TX.5.SignalID=NONE
Mcu.Pin11=PI1
Dma.UART5_RX.2.Direction=DMA_PERIPH_TO_MEMORY
Mcu.Pin12=PI0
PD0.GPIOParameters=GPIO_Label,PinAttribute
PF0.GPIO_Label=A0 [PC28F128M29EWLA_A0]
PG0.GPIOParameters=GPIO_Label,PinAttribute
Mcu.Pin10=PA15 (JTDI)
PD15.PinAttribute=CortexM7
Dma.UART4_RX.0.Instance=DMA1_Stream0
PI11.GPIO_Label=ULPI_DIR [USB3320C_DIR]
Dma.USART3_TX.9.PeriphDataAlignment=DMA_PDATAALIGN_BYTE
PF4.Signal=FMC_A4
SH.FMC_D26.ConfNb=1
PD2.Signal=UART5_RX
PC1.PinAttribute=CortexM7
NVIC1.BusFault_IRQn=true\:0\:0\:false\:false\:true\:false\:false
PI1.GPIO_Label=D25 [IS42S32800G_DQ25]
PG15.Locked=true
PC1.Mode=RMII
Dma.UART4_TX.1.Direction=DMA_MEMORY_TO_PERIPH
Mcu.Family=STM32H7
ProjectManager.MainLocation=Src
PD2.PinAttribute=CortexM7
Dma.UART4_TX.1.PeriphDataAlignment=DMA_PDATAALIGN_BYTE
Dma.USART1_RX.6.EventEnable=DISABLE
Dma.USART3_RX.8.MemDataAlignment=DMA_MDATAALIGN_BYTE
SH.FMC_A6.ConfNb=3
PK3.Signal=GPIO_Output
SH.FMC_A8.0=FMC_A8,19b-a1
SH.FMC_A8.2=FMC_A8,11b-sda1
PB10.PinAttribute=CortexM7
PG7.PinAttribute=CortexM7
SH.FMC_A8.1=FMC_A8,19b-a2
PG9.GPIOParameters=PinAttribute
Dma.UART5_RX.2.Instance=DMA1_Stream2
ProjectManager.KeepUserCode=true
PH14.Signal=FMC_D22
PH10.Signal=FMC_D18
SH.FMC_D14_DA14.2=FMC_D14,sd-32b-d1
SH.FMC_D14_DA14.0=FMC_D14,16b-d1
SH.FMC_D14_DA14.1=FMC_D14,16b-d2
PH0-OSC_IN\ (PH0).Signal=RCC_OSC_IN
PG2.Signal=FMC_A12
PE11.GPIO_Label=D8 [IS42S32800G_DQ8]
PG2.Locked=true
Dma.UART8_RX.4.RequestNumber=1
Dma.USART6_TX.11.SyncEnable=DISABLE
PC15-OSC32_OUT\ (OSC32_OUT).Mode=LSE-External-Oscillator
PC5.Locked=true
PF0.GPIOParameters=GPIO_Label,PinAttribute
PA12.GPIOParameters=GPIO_Label,PinAttribute
PA9.GPIOParameters=GPIO_Label,PinAttribute
PA11.GPIOParameters=GPIO_Label,PinAttribute
PD0.GPIO_Label=D2 [IS42S32800G_DQ2]
PD12.PinAttribute=CortexM7
PA11.Mode=Device_Only
PH10.Locked=true
Dma.USART1_RX.6.SyncPolarity=HAL_DMAMUX_SYNC_NO_EVENT
PD6.Locked=true
SH.FMC_A14_BA0.2=FMC_BA0,FourSdramBanks1
SH.FMC_A14_BA0.1=FMC_A14,19b-a2
Dma.USART6_TX.11.FIFOMode=DMA_FIFOMODE_DISABLE
RCC.PLL2FRACN=3072
SH.FMC_A14_BA0.0=FMC_A14,19b-a1
RCC.VCO2OutputFreq_Value=58593750
DSI_CKP.Mode=DSIHost_Adapted_TE
SH.FMC_A11.0=FMC_A11,19b-a1
PC1.Locked=true
PB13.GPIO_Label=ULPI_D6 [USB3320C_D6]
PC12.PinAttribute=CortexM7
PB15.Signal=USART1_RX
PF12.GPIOParameters=GPIO_Label,PinAttribute
PG11.Signal=ETH_TX_EN
PG15.Signal=FMC_SDNCAS
PH5.GPIOParameters=GPIO_Label,PinAttribute
Dma.UART5_TX.3.Direction=DMA_MEMORY_TO_PERIPH
SH.FMC_A11.1=FMC_A11,19b-a2
PB5.GPIOParameters=GPIO_Label,PinAttribute
DSI_D0N.PinAttribute=CortexM7
PG15.PinAttribute=CortexM7
PD13.Signal=FMC_A18
Mcu.IP4=ETH
Mcu.IP5=FMC
PD13.Locked=true
Mcu.IP2=DMA
I2C1.IPParameters=Timing
Mcu.IP3=DSIHOST
PI11.Mode=Device_HS
PK4.GPIOParameters=GPIO_Label,PinAttribute
Mcu.IP0=CORTEX_M4
Mcu.IP1=CORTEX_M7
PF1.GPIOParameters=GPIO_Label,PinAttribute
RCC.DIVP3Freq_Value=50390625
RCC.SDMMCFreq_Value=480000000
PI9.PinAttribute=CortexM7
Mcu.Pin134=VP_LTDC_DSIMode
Dma.USART6_TX.11.Mode=DMA_NORMAL
Mcu.Pin135=VP_SYS_VS_tim1
Mcu.Pin136=VP_SYS_M4_VS_tim1
Mcu.Pin130=PB14
Mcu.Pin131=PD8
Dma.USART3_TX.9.SignalID=NONE
Mcu.Pin132=VP_FREERTOS_M4_VS_CMSIS_V2
Dma.USART6_TX.11.Priority=DMA_PRIORITY_LOW
Mcu.Pin133=VP_FREERTOS_M7_VS_CMSIS_V2
ProjectManager.PreviousToolchain=SW4STM32
PF1.Locked=true
SH.FMC_NWE.ConfNb=2
Dma.UART8_TX.5.Instance=DMA1_Stream5
PG8.GPIOParameters=GPIO_Label,PinAttribute
PC0.PinAttribute=CortexM7
SH.FMC_NBL1.0=FMC_NBL1,2ByteEnable2
Dma.UART5_TX.3.FIFOMode=DMA_FIFOMODE_DISABLE
Dma.USART6_RX.10.SignalID=NONE
PA8.GPIOParameters=GPIO_Label,PinAttribute
PE15.PinAttribute=CortexM7
SH.FMC_NBL1.1=FMC_NBL1,Sd4ByteEnable1
RCC.HRTIMFreq_Value=120000000
Dma.USART3_TX.9.EventEnable=DISABLE
PH1-OSC_OUT\ (PH1).Mode=HSE-External-Oscillator
RCC.DIVR3Freq_Value=50390625
SH.FMC_A14_BA0.ConfNb=3
Dma.UART4_RX.0.EventEnable=DISABLE
Mcu.IP10=NVIC1
Dma.UART4_TX.1.Mode=DMA_NORMAL
Mcu.IP12=RCC
Dma.UART4_RX.0.MemDataAlignment=DMA_MDATAALIGN_BYTE
Mcu.IP11=NVIC2
Dma.UART8_TX.5.RequestParameters=Instance,Direction,PeriphInc,MemInc,PeriphDataAlignment,MemDataAlignment,Mode,Priority,FIFOMode,SignalID,Polarity,RequestNumber,SyncSignalID,SyncPolarity,SyncEnable,EventEnable,SyncRequestNumber
PB12.PinAttribute=CortexM7
Mcu.IP18=UART8
Mcu.IP17=UART5
Mcu.IP19=USART1
NVIC2.PriorityGroup=NVIC_PRIORITYGROUP_4
RCC.DIVP1Freq_Value=480000000
Mcu.IP14=SYS
PF9.Mode=Full_Duplex_Master
Mcu.IP13=SPI5
Mcu.IP16=UART4
Mcu.IP15=SYS_M4
PI4.Locked=true
PH7.GPIO_Label=SDCKE1 [IS42S32800G_CKE]
PE8.Locked=true
Dma.UART5_RX.2.Priority=DMA_PRIORITY_LOW
PF11.Signal=FMC_SDNRAS
PB5.Mode=Device_HS
PD4.PinAttribute=CortexM7
PD14.PinAttribute=CortexM7
Dma.USART6_TX.11.Instance=DMA2_Stream3
Dma.UART8_RX.4.SyncSignalID=NONE
PK3.GPIOParameters=GPIO_Label,PinAttribute
PB7.Signal=I2C1_SDA
Dma.UART5_TX.3.Priority=DMA_PRIORITY_LOW
Mcu.IP21=USART6
PH6.GPIOParameters=GPIO_Label,PinAttribute
Mcu.IP20=USART3
Mcu.IP23=USB_OTG_HS
NVIC1.MemoryManagement_IRQn=true\:0\:0\:false\:false\:true\:false\:false
Mcu.IP22=USB_OTG_FS
PF11.GPIOParameters=GPIO_Label,PinAttribute
CortexM7.IPs=FATFS_M7\:I,FREERTOS_M7\:I,IWDG1\:I,RCC\:I,USB_DEVICE_M7\:I,USB_HOST_M7\:I,WWDG1\:I,DMA\:I,BDMA\:I,MDMA\:I,NVIC1\:I,FMC\:I,I2C1\:I,LTDC\:I,DSIHOST\:I,SYS\:I,USART1\:I,USB_OTG_FS\:I,USB_OTG_HS\:I,CORTEX_M7\:I,DEBUG\:I,ETH\:I,PDM2PCM_M7\:I,PWR\:I,RESMGR_UTILITY\:I,VREFBUF\:I,SPI5\:I,UART4\:I,UART5\:I,UART8\:I,USART3\:I,USART6\:I
PD10.PinAttribute=CortexM7
Dma.USART3_RX.8.SignalID=NONE
SH.FMC_D27.ConfNb=1
PB6.GPIOParameters=GPIO_Label,PinAttribute
PF8.PinAttribute=CortexM7
NVIC1.DMA1_Stream2_IRQn=true\:0\:0\:false\:false\:true\:false\:true
PB0.Locked=true
SH.FMC_D16.ConfNb=1
PB7.GPIO_Label=I2C1_SDA [STM32L152CCT6_I2C_SDA]
PD13.GPIO_Label=A18 [PC28F128M29EWLA_A18]
SH.FMC_A13.1=FMC_A13,19b-a2
PB12.Mode=Device_HS
SH.FMC_A13.0=FMC_A13,19b-a1
PC10.PinAttribute=CortexM7
PG11.Locked=true
Dma.USART6_RX.10.SyncSignalID=NONE
Dma.USART3_RX.8.MemInc=DMA_MINC_ENABLE
PD5.GPIO_Label=FMC_NWE [IS61WV102416BLL_WE]
SH.FMC_D4_DA4.ConfNb=3
ProjectManager.ToolChainLocation=
DSI_D0N.Locked=true
RCC.DSIFreq_Value=31250000
PF8.Signal=SPI5_MISO
PG0.GPIO_Label=A10 [PC28F128M29EWLA_A10]
SH.FMC_D30.ConfNb=1
RCC.DIVR1Freq_Value=480000000
PF4.PinAttribute=CortexM7
PI0.GPIO_Label=D24 [IS42S32800G_DQ24]
Mcu.Pin95=PH10
Dma.USART6_TX.11.Direction=DMA_MEMORY_TO_PERIPH
Mcu.Pin96=PH11
PF4.Locked=true
Mcu.Pin93=PB10
Mcu.Pin94=PB11
Mcu.Pin99=PA7
PB5.GPIO_Label=ULPI_D7 [USB3320C_D7]
Mcu.Pin97=PD15
Mcu.Pin98=PD14
Dma.Request2=UART5_RX
Dma.Request1=UART4_TX
Dma.Request4=UART8_RX
Dma.Request3=UART5_TX
Mcu.Pin91=PE9
PE12.PinAttribute=CortexM7
Dma.Request6=USART1_RX
Mcu.Pin92=PE11
Dma.Request5=UART8_TX
PG11.GPIO_Label=RMII_TX_EN [LAN8742A_TXEN]
PH8.PinAttribute=CortexM7
Dma.Request8=USART3_RX
Mcu.Pin90=PF14
PC5.Signal=ETH_RXD1
Dma.Request7=USART1_TX
PE7.Signal=FMC_D4_DA4
PD6.Signal=FMC_NWAIT
DSI_D1P.Mode=DSIHost_Adapted_TE
Dma.Request0=UART4_RX
Dma.USART3_TX.9.Direction=DMA_MEMORY_TO_PERIPH
PF3.GPIO_Label=A3 [PC28F128M29EWLA_A3]
SH.FMC_D22.ConfNb=1
PF15.GPIOParameters=GPIO_Label,PinAttribute
PE12.Locked=true
Dma.UART5_RX.2.FIFOMode=DMA_FIFOMODE_DISABLE
Mcu.Pin84=PA0
Mcu.Pin85=PE10
Mcu.Pin82=PA2
PB15.Locked=true
PG2.GPIO_Label=A12 [PC28F128M29EWLA_A12]
Mcu.Pin83=PA1
PH1-OSC_OUT\ (PH1).PinAttribute=CortexM7
Mcu.Pin88=PH5
PA3.Signal=USB_OTG_HS_ULPI_D0
Mcu.Pin89=PF13
PF15.PinAttribute=CortexM7
PH1-OSC_OUT\ (PH1).GPIO_Label=OSC_OUT
Mcu.Pin86=PJ8
NVIC1.UART8_IRQn=true\:0\:0\:false\:false\:true\:true\:true
Mcu.Pin87=PH4
SH.FMC_A3.ConfNb=3
PK1.Mode=NSS_Signal_Hard_Output
PB14.PinAttribute=CortexM7
Dma.USART1_TX.7.PeriphDataAlignment=DMA_PDATAALIGN_BYTE
PK6.Signal=GPIO_Output
PK6.Locked=true
PK4.Locked=true
SH.FMC_D20.0=FMC_D20,sd-32b-d1
PH8.GPIOParameters=GPIO_Label,PinAttribute
PH15.Locked=true
NVIC1.UART4_IRQn=true\:0\:0\:false\:false\:true\:true\:true
PB8.GPIOParameters=PinAttribute
PG7.Locked=true
PD15.GPIO_Label=D1 [IS42S32800G_DQ1]
PG7.Signal=GPIO_Output
PE14.GPIOParameters=GPIO_Label,PinAttribute
PJ8.Mode=Asynchronous
PH13.PinAttribute=CortexM7
PH12.GPIO_Label=D20 [IS42S32800G_DQ20]
PD6.PinAttribute=CortexM7
Dma.UART5_TX.3.PeriphDataAlignment=DMA_PDATAALIGN_BYTE
Dma.USART6_TX.11.SyncPolarity=HAL_DMAMUX_SYNC_NO_EVENT
PE10.PinAttribute=CortexM7
PC11.Signal=USART3_RX
RCC.DSITX_Div=2
PC10.Mode=Asynchronous
PC13.ContextOwner=CortexM7
SH.FMC_D31.0=FMC_D31,sd-32b-d1
ProjectManager.DefaultFWLocation=true
PE14.GPIO_Label=D11 [IS42S32800G_DQ11]
PD9.Signal=FMC_D14_DA14
SH.FMC_A13.ConfNb=2
PE7.PinAttribute=CortexM7
PB12.Locked=true
Dma.USART3_TX.9.Mode=DMA_NORMAL
ProjectManager.DeletePrevious=true
PB10.Locked=true
boardIOC=true
SPI5.Mode=SPI_MODE_MASTER
PA12.GPIO_Label=USB_FS1_DP
PinOutPanel.CurrentBGAView=Top
PJ8.PinAttribute=CortexM7
Dma.UART8_RX.4.MemDataAlignment=DMA_MDATAALIGN_BYTE
RCC.FamilyName=M
PH1-OSC_OUT\ (PH1).Signal=RCC_OSC_OUT
DSI_D0P.Locked=true
PB9.GPIOParameters=GPIO_Label,PinAttribute
PE15.GPIOParameters=GPIO_Label,PinAttribute
PD8.GPIO_Label=D13 [IS42S32800G_DQ13]
VP_FREERTOS_M7_VS_CMSIS_V2.Mode=CMSIS_V2
DSI_D0P.PinAttribute=CortexM7
Dma.UART5_TX.3.Instance=DMA1_Stream3
PI7.PinAttribute=CortexM7
PG8.GPIO_Label=SDCLK [IS42S32800G_CLK]
USART1.VirtualMode-Asynchronous=VM_ASYNC
PI5.PinAttribute=CortexM7
PA9.Mode=Activate_VBUS
SH.FMC_A15_BA1.ConfNb=3
PK2.GPIOParameters=GPIO_Label,PinAttribute
Dma.UART8_TX.5.FIFOMode=DMA_FIFOMODE_DISABLE
PH1-OSC_OUT\ (PH1).GPIOParameters=GPIO_Label,PinAttribute
PH7.GPIOParameters=GPIO_Label,PinAttribute
NVIC1.NonMaskableInt_IRQn=true\:0\:0\:false\:false\:true\:false\:false
SH.FMC_A17_ALE.1=FMC_A17,19b-a2
SH.FMC_D13_DA13.2=FMC_D13,sd-32b-d1
SH.FMC_A17_ALE.0=FMC_A17,19b-a1
PC15-OSC32_OUT\ (OSC32_OUT).Signal=RCC_OSC32_OUT
PH8.Locked=true
PB10.GPIO_Label=ULPI_D3 [USB3320C_D3]
RCC.VCO1OutputFreq_Value=960000000
SH.FMC_A16_CLE.1=FMC_A16,19b-a2
SH.FMC_A16_CLE.0=FMC_A16,19b-a1
SH.FMC_D13_DA13.0=FMC_D13,16b-d1
PH8.Signal=FMC_D16
SH.FMC_D13_DA13.1=FMC_D13,16b-d2
PB7.GPIOParameters=GPIO_Label,PinAttribute
NVIC2.SVCall_IRQn=true\:0\:0\:false\:false\:false\:false\:false
PB9.Mode=SD_4_bits_Wide_bus_dir_voltage_converter
PC5.GPIOParameters=GPIO_Label,PinAttribute
RCC.AXIClockFreq_Value=240000000
PG10.GPIOParameters=GPIO_Label,PinAttribute
PK0.GPIOParameters=PinAttribute
PE0.Locked=true
RCC.USBFreq_Value=48000000
PI5.GPIOParameters=GPIO_Label,PinAttribute
SH.FMC_D24.ConfNb=1
PD10.GPIO_Label=D15 [IS42S32800G_DQ15]
PA1.Signal=ETH_REF_CLK
RCC.CKPERFreq_Value=64000000
Dma.UART8_TX.5.SyncEnable=DISABLE
ProjectManager.BootMode=boot0
PD2.Mode=Asynchronous
PK0.PinAttribute=CortexM7
PK6.ContextOwner=CortexM7
PH9.GPIOParameters=GPIO_Label,PinAttribute
Dma.USART1_TX.7.SyncSignalID=NONE
PH1-OSC_OUT\ (PH1).Locked=true
SPI5.VirtualNSS=VM_NSSHARD
board=STM32H757I-EVAL
PG12.Mode=RMII
PF14.GPIOParameters=GPIO_Label,PinAttribute
PI9.Signal=FMC_D30
PH4.GPIO_Label=ULPI_NXT [USB3320C_NXT]
PB15.Mode=Asynchronous
Dma.USART1_RX.6.SyncEnable=DISABLE
Dma.UART4_RX.0.Priority=DMA_PRIORITY_LOW
NVIC1.DMA2_Stream1_IRQn=true\:0\:0\:false\:false\:true\:false\:true
PG5.PinAttribute=CortexM7
PI9.Locked=true
SH.FMC_D22.0=FMC_D22,sd-32b-d1
NVIC1.UsageFault_IRQn=true\:0\:0\:false\:false\:true\:false\:false
MxCube.Version=5.6.1
PH15.PinAttribute=CortexM7
SH.FMC_D12_DA12.2=FMC_D12,sd-32b-d1
RCC.FDCANFreq_Value=480000000
RCC.PLLDSINDIV=10
PI4.Signal=FMC_NBL2
RCC.ADCFreq_Value=58593750
PD4.GPIOParameters=GPIO_Label,PinAttribute
PA10.GPIOParameters=GPIO_Label,PinAttribute
PC1.GPIO_Label=RMII_MDC [LAN8742A_MDC]
SH.FMC_D12_DA12.1=FMC_D12,16b-d2
SH.FMC_D12_DA12.0=FMC_D12,16b-d1
PF15.GPIO_Label=A9 [PC28F128M29EWLA_A9]
Dma.UART8_RX.4.FIFOMode=DMA_FIFOMODE_ENABLE
NVIC1.USART1_IRQn=true\:0\:0\:false\:false\:true\:true\:true
SH.FMC_D29.ConfNb=1
PF14.Locked=true
Dma.USART6_TX.11.SyncSignalID=NONE
SH.FMC_D18.ConfNb=1
PF1.Signal=FMC_A1
SH.FMC_D11_DA11.ConfNb=3
Dma.UART4_RX.0.RequestNumber=1
NVIC1.TimeBase=TIM1_UP_IRQn
RCC.IPParameters=ADCFreq_Value,AHB12Freq_Value,AHB4Freq_Value,APB1Freq_Value,APB2Freq_Value,APB3Freq_Value,APB4Freq_Value,AXIClockFreq_Value,CECFreq_Value,CKPERFreq_Value,CPU2Freq_Value,CPU2SystikFreq_Value,CortexFreq_Value,CpuClockFreq_Value,D1CPREFreq_Value,D1PPRE,D2PPRE1,D2PPRE2,D3PPRE,DFSDMACLkFreq_Value,DFSDMFreq_Value,DIVM1,DIVM2,DIVN1,DIVN2,DIVP1Freq_Value,DIVP2,DIVP2Freq_Value,DIVP3Freq_Value,DIVQ1Freq_Value,DIVQ2Freq_Value,DIVQ3Freq_Value,DIVR1Freq_Value,DIVR2Freq_Value,DIVR3Freq_Value,DSIFreq_Value,DSITXEscFreq_Value,DSITX_Div,FDCANFreq_Value,FMCFreq_Value,FamilyName,HCLK3ClockFreq_Value,HCLKFreq_Value,HPRE,HPREFreq_Value,HRTIMFreq_Value,I2C123Freq_Value,I2C4Freq_Value,LPTIM1Freq_Value,LPTIM2Freq_Value,LPTIM345Freq_Value,LPUART1Freq_Value,LTDCFreq_Value,MCO1PinFreq_Value,MCO2PinFreq_Value,PLL2FRACN,PLL3FRACN,PLLDSIFreq_Value,PLLDSINDIV,PLLDSIVCOFreq_Value,PLLFRACN,PLLSourceVirtual,QSPIFreq_Value,RNGFreq_Value,RTCFreq_Value,SAI1Freq_Value,SAI23Freq_Value,SAI4AFreq_Value,SAI4BFreq_Value,SDMMCFreq_Value,SPDIFRXFreq_Value,SPI123Freq_Value,SPI45Freq_Value,SPI6Freq_Value,SWPMI1Freq_Value,SYSCLKFreq_VALUE,SYSCLKSource,SupplySource,Tim1OutputFreq_Value,Tim2OutputFreq_Value,TraceFreq_Value,USART16Freq_Value,USART234578Freq_Value,USBCLockSelection,USBFreq_Value,VCO1OutputFreq_Value,VCO2OutputFreq_Value,VCO3OutputFreq_Value,VCOInput1Freq_Value,VCOInput2Freq_Value,VCOInput3Freq_Value
ProjectManager.AskForMigrate=true
PE0.Signal=FMC_NBL0
PE7.GPIO_Label=D4 [IS42S32800G_DQ4]
PE12.Signal=FMC_D9_DA9
DSI_CKP.PinAttribute=CortexM7
Mcu.IP8=I2C1
Mcu.IP9=LTDC
Dma.USART3_RX.8.Polarity=HAL_DMAMUX_REQ_GEN_RISING
Mcu.IP6=FREERTOS_M4
Mcu.IP7=FREERTOS_M7
ProjectManager.CoupleFile=false
RCC.SYSCLKFreq_VALUE=480000000
Dma.USART6_RX.10.PeriphDataAlignment=DMA_PDATAALIGN_BYTE
Dma.UART8_RX.4.Direction=DMA_PERIPH_TO_MEMORY
RCC.I2C123Freq_Value=120000000
PA1.Locked=true
KeepUserPlacement=false
Dma.USART6_TX.11.MemDataAlignment=DMA_MDATAALIGN_BYTE
PC15-OSC32_OUT\ (OSC32_OUT).GPIO_Label=OSC32_OUT
SH.FMC_A17_ALE.ConfNb=2
Dma.UART5_TX.3.RequestParameters=Instance,Direction,PeriphInc,MemInc,PeriphDataAlignment,MemDataAlignment,Mode,Priority,FIFOMode,SignalID,Polarity,RequestNumber,SyncSignalID,SyncPolarity,SyncEnable,EventEnable,SyncRequestNumber
DSI_D0P.Signal=DSIHOST_D0P
Dma.USART6_RX.10.Polarity=HAL_DMAMUX_REQ_GEN_RISING
SH.FMC_NWAIT.0=FMC_NWAIT,AsynchronousWait1
Dma.UART4_TX.1.Priority=DMA_PRIORITY_LOW
NVIC1.DMA1_Stream6_IRQn=true\:0\:0\:false\:false\:true\:false\:true
SH.FMC_NWAIT.1=FMC_NWAIT,AsynchronousWait2
PC6.GPIOParameters=GPIO_Label,PinAttribute
PF13.GPIOParameters=GPIO_Label,PinAttribute
PI6.GPIOParameters=GPIO_Label,PinAttribute
NVIC2.DebugMonitor_IRQn=true\:0\:0\:false\:false\:true\:false\:false
PI3.GPIO_Label=D27 [IS42S32800G_DQ27
PH0-OSC_IN\ (PH0).GPIO_Label=OSC_IN
Dma.UART5_TX.3.RequestNumber=1
PB7.Locked=true
Dma.USART1_RX.6.PeriphDataAlignment=DMA_PDATAALIGN_BYTE
PA2.Mode=RMII
PC5.PinAttribute=CortexM7
SH.FMC_D8_DA8.ConfNb=3
PD9.Locked=true
SH.FMC_A18.ConfNb=2
PH6.PinAttribute=CortexM7
Dma.USART1_RX.6.Priority=DMA_PRIORITY_LOW
Dma.UART8_RX.4.Instance=DMA1_Stream4
PB12.Signal=USB_OTG_HS_ULPI_D5
Dma.UART5_RX.2.PeriphDataAlignment=DMA_PDATAALIGN_BYTE
Dma.UART5_RX.2.MemDataAlignment=DMA_MDATAALIGN_BYTE
Dma.USART1_TX.7.SyncPolarity=HAL_DMAMUX_SYNC_NO_EVENT
PG11.GPIOParameters=GPIO_Label,PinAttribute
PE1.GPIOParameters=GPIO_Label,PinAttribute
PA3.GPIO_Label=ULPI_D0 [USB3320C_D0]
PK1.GPIOParameters=PinAttribute
Dma.USART3_TX.9.RequestParameters=Instance,Direction,PeriphInc,MemInc,PeriphDataAlignment,MemDataAlignment,Mode,Priority,FIFOMode,SignalID,Polarity,RequestNumber,SyncSignalID,SyncPolarity,SyncEnable,EventEnable,SyncRequestNumber
PH0-OSC_IN\ (PH0).GPIOParameters=GPIO_Label,PinAttribute
CortexM4.IPs=FATFS_M4\:I,FREERTOS_M4\:I,IWDG2\:I,RCC,USB_DEVICE_M4\:I,USB_HOST_M4\:I,WWDG2\:I,DMA,BDMA,MDMA,NVIC2\:I,DEBUG,PDM2PCM_M4\:I,PWR,RESMGR_UTILITY,SYS_M4\:I,CORTEX_M4\:I,VREFBUF
PI2.PinAttribute=CortexM7
Dma.USART6_RX.10.Direction=DMA_PERIPH_TO_MEMORY
SH.FMC_D7_DA7.1=FMC_D7,16b-d2
SH.FMC_D7_DA7.0=FMC_D7,16b-d1
SH.FMC_D7_DA7.2=FMC_D7,sd-32b-d1
PK5.Locked=true
PK5.Signal=GPIO_Output
Dma.USART1_TX.7.Instance=DMA1_Stream7
SH.FMC_D24.0=FMC_D24,sd-32b-d1
SH.FMC_A4.ConfNb=3
PJ9.Mode=Asynchronous
PH12.Signal=FMC_D20
PH12.Locked=true
PK5.PinAttribute=CortexM7
PB10.Mode=Device_HS
Dma.UART8_RX.4.PeriphDataAlignment=DMA_PDATAALIGN_BYTE
PK0.Mode=Full_Duplex_Master
PG4.Signal=FMC_A14_BA0
PG4.Locked=true
PC12.Signal=UART5_TX
PB14.GPIO_Label=RS232_TX [ST3241EBPR_T2IN]
PH6.GPIO_Label=SDNE1 [IS42S32800G_CS]
PG3.GPIOParameters=GPIO_Label,PinAttribute
Dma.UART8_RX.4.SyncPolarity=HAL_DMAMUX_SYNC_NO_EVENT
PK6.GPIO_Label=LD4
PC6.GPIO_Label=SDIO1_D0DIR
RCC.CPU2Freq_Value=240000000
PI11.Locked=true
PA3.GPIOParameters=GPIO_Label,PinAttribute
PI6.GPIO_Label=D28 [IS42S32800G_DQ28]
PB6.GPIO_Label=I2C1_SCL [STM32L152CCT6_I2C_SCL]
PD4.Locked=true
Dma.USART1_TX.7.SyncRequestNumber=1
PC5.Mode=RMII
PB13.Signal=USB_OTG_HS_ULPI_D6
PD6.GPIO_Label=FMC_NWAIT [PC28F128M29EWLA_RB]
PG13.Signal=ETH_TXD0
SH.FMC_NOE.ConfNb=2
Dma.USART1_RX.6.Direction=DMA_PERIPH_TO_MEMORY
PinOutPanel.RotationAngle=0
DSI_CKN.PinAttribute=CortexM7
RCC.MCO1PinFreq_Value=64000000
RCC.SYSCLKSource=RCC_SYSCLKSOURCE_PLLCLK
RCC.AHB4Freq_Value=240000000
PI3.PinAttribute=CortexM7
PI1.PinAttribute=CortexM7
SH.FMC_A15_BA1.0=FMC_A15,19b-a1
SH.FMC_A15_BA1.1=FMC_A15,19b-a2
Dma.UART5_TX.3.Polarity=HAL_DMAMUX_REQ_GEN_RISING
USART3.VirtualMode-Asynchronous=VM_ASYNC
Dma.USART1_RX.6.Polarity=HAL_DMAMUX_REQ_GEN_RISING
NVIC1.PendSV_IRQn=true\:15\:0\:false\:false\:false\:false\:false
PH10.PinAttribute=CortexM7
PA15\ (JTDI).Mode=DSIHost_Adapted_TE
SH.FMC_A12.ConfNb=2
NVIC2.PendSV_IRQn=true\:15\:0\:false\:false\:false\:false\:false
PK6.PinAttribute=CortexM7
PH5.Signal=FMC_SDNWE
VP_FREERTOS_M7_VS_CMSIS_V2.Signal=FREERTOS_M7_VS_CMSIS_V2
DSI_CKN.Signal=DSIHOST_CKN
Dma.UART5_TX.3.MemInc=DMA_MINC_ENABLE
PK4.PinAttribute=CortexM7
PD15.GPIOParameters=GPIO_Label,PinAttribute
Dma.USART1_TX.7.SignalID=NONE
NVIC1.DMA2_Stream3_IRQn=true\:0\:0\:false\:false\:true\:false\:true
PD4.Signal=FMC_NOE
PK2.ContextOwner=CortexM7
SH.FMC_D10_DA10.ConfNb=3
PB6.Mode=I2C
RCC.DIVQ3Freq_Value=50390625
SH.FMC_D17.ConfNb=1
PK4.ContextOwner=CortexM7
PE10.Locked=true
PB13.Locked=true
PH10.GPIO_Label=D18 [IS42S32800G_DQ18]
Dma.USART6_RX.10.SyncPolarity=HAL_DMAMUX_SYNC_NO_EVENT
Dma.UART4_TX.1.FIFOMode=DMA_FIFOMODE_DISABLE
NVIC2.UsageFault_IRQn=true\:0\:0\:false\:false\:true\:false\:false
PG13.Locked=true
NVIC2.NonMaskableInt_IRQn=true\:0\:0\:false\:false\:true\:false\:false
Dma.UART5_RX.2.SyncRequestNumber=1
Dma.USART3_RX.8.RequestNumber=1
Dma.USART3_TX.9.Polarity=HAL_DMAMUX_REQ_GEN_RISING
RCC.DIVM2=4
PI4.PinAttribute=CortexM7
PD1.GPIOParameters=GPIO_Label,PinAttribute
RCC.DIVM1=5
DSI_D1P.Signal=DSIHOST_D1P
NVIC1.DMA1_Stream4_IRQn=true\:0\:0\:false\:false\:true\:false\:true
Dma.UART8_RX.4.SignalID=NONE
PG1.GPIOParameters=GPIO_Label,PinAttribute
MxDb.Version=DB.5.0.60
PE15.Locked=true
PB0.GPIOParameters=GPIO_Label,PinAttribute
PE0.GPIOParameters=GPIO_Label,PinAttribute
PA1.GPIOParameters=GPIO_Label,PinAttribute
SH.FMC_D26.0=FMC_D26,sd-32b-d1
NVIC1.DMA1_Stream3_IRQn=true\:0\:0\:false\:false\:true\:false\:true
Dma.USART6_RX.10.MemBurst=DMA_MBURST_SINGLE
PI6.Signal=FMC_D28
PI3.Signal=FMC_D27
SH.FMC_D15_DA15.ConfNb=3
PA0.Mode=Asynchronous
Dma.USART3_RX.8.Mode=DMA_NORMAL
PF8.Mode=Full_Duplex_Master
Dma.UART4_RX.0.PeriphDataAlignment=DMA_PDATAALIGN_BYTE
PF3.Signal=FMC_A3
SH.FMC_D25.ConfNb=1
RCC.DIVR2Freq_Value=29296875
PE10.Signal=FMC_D7_DA7
RCC.MCO2PinFreq_Value=480000000
SH.FMC_A15_BA1.2=FMC_BA1,FourSdramBanks1
PH10.GPIOParameters=GPIO_Label,PinAttribute
PF8.GPIOParameters=PinAttribute
PI0.PinAttribute=CortexM7
PI8.GPIOParameters=GPIO_Label,PinAttribute
FREERTOS_M4.Tasks01=defaultTask,24,128,StartDefaultTask,Default,NULL,Dynamic,NULL,NULL
PD11.Locked=true
PG13.GPIOParameters=GPIO_Label,PinAttribute
PG5.GPIOParameters=PinAttribute
PE10.GPIOParameters=GPIO_Label,PinAttribute
PD5.GPIOParameters=GPIO_Label,PinAttribute
SH.FMC_A1.2=FMC_A1,11b-sda1
SH.GPXTI8.ConfNb=1
RCC.DFSDMFreq_Value=60000000
PA5.GPIOParameters=GPIO_Label,PinAttribute
PB14.GPIOParameters=GPIO_Label,PinAttribute
PF0.PinAttribute=CortexM7
SH.FMC_A1.1=FMC_A1,19b-a2
SH.FMC_A1.0=FMC_A1,19b-a1
SH.FMC_SDCLK.0=FMC_SDCLK,11b-sda1
RCC.TraceFreq_Value=64000000
RCC.APB4Freq_Value=120000000
FREERTOS_M7.Tasks01=defaultTask,24,128,StartDefaultTask,Default,NULL,Dynamic,NULL,NULL
RCC.CECFreq_Value=32000
RCC.SAI23Freq_Value=480000000
PF14.Signal=FMC_A8
PI4.GPIOParameters=GPIO_Label,PinAttribute
PH4.PinAttribute=CortexM7
PB10.GPIOParameters=GPIO_Label,PinAttribute
PK5.ContextOwner=CortexM7
PI11.Signal=USB_OTG_HS_ULPI_DIR
Dma.USART6_TX.11.RequestNumber=1
PE10.GPIO_Label=D7 [IS42S32800G_DQ7]
PH0-OSC_IN\ (PH0).Mode=HSE-External-Oscillator
Dma.UART8_RX.4.SyncRequestNumber=1
SH.FMC_D3_DA3.0=FMC_D3,16b-d1
SPI5.VirtualType=VM_MASTER
ProjectManager.CustomerFirmwarePackage=
SH.FMC_D3_DA3.1=FMC_D3,16b-d2
PC4.GPIOParameters=GPIO_Label,PinAttribute
RCC.SupplySource=PWR_DIRECT_SMPS_SUPPLY
SH.FMC_D3_DA3.2=FMC_D3,sd-32b-d1
PG0.PinAttribute=CortexM7
PF4.GPIOParameters=GPIO_Label,PinAttribute
PC4.Mode=RMII
PI10.GPIO_Label=D31 [IS42S32800G_DQ31]
Dma.USART3_RX.8.SyncEnable=DISABLE
Dma.USART1_TX.7.FIFOMode=DMA_FIFOMODE_DISABLE
PH12.GPIOParameters=GPIO_Label,PinAttribute
SH.FMC_A7.ConfNb=3
PH15.Signal=FMC_D23
PK1.PinAttribute=CortexM7
SH.FMC_A1.ConfNb=3
Dma.USART3_TX.9.SyncSignalID=NONE
SH.FMC_D28.0=FMC_D28,sd-32b-d1
Dma.UART8_RX.4.MemInc=DMA_MINC_ENABLE
PD9.GPIO_Label=D14 [IS42S32800G_DQ14]
PF1.PinAttribute=CortexM7
Dma.Request9=USART3_TX
Dma.USART6_TX.11.EventEnable=DISABLE
Dma.USART6_TX.11.MemInc=DMA_MINC_ENABLE
FREERTOS_M4.configUSE_MALLOC_FAILED_HOOK=1
PG9.Signal=USART6_RX
PA9.GPIO_Label=USB_FS1_VBUS
RCC.SWPMI1Freq_Value=120000000
Dma.UART4_RX.0.Mode=DMA_NORMAL
Dma.UART4_RX.0.Polarity=HAL_DMAMUX_REQ_GEN_RISING
DSI_D0N.GPIOParameters=PinAttribute
PC6.Signal=SDMMC1_D0DIR
PB11.GPIO_Label=ULPI_D4 [USB3320C_D4]
Dma.UART4_TX.1.RequestNumber=1
PE0.PinAttribute=CortexM7
PD7.Signal=FMC_NE1
PD13.GPIOParameters=GPIO_Label,PinAttribute
PD1.Signal=FMC_D3_DA3
PA11.GPIO_Label=USB_FS1_DM
RCC.DIVP2=1
PF14.GPIO_Label=A8 [PC28F128M29EWLA_A8]
PC0.Signal=USB_OTG_HS_ULPI_STP
PK2.Locked=true
SH.FMC_NOE.0=FMC_NOE,NorFlash1
PC11.GPIOParameters=PinAttribute
RCC.QSPIFreq_Value=240000000
SH.FMC_NOE.1=FMC_NOE,Sram2
PF13.GPIO_Label=A7 [PC28F128M29EWLA_A7]
SH.FMC_A16_CLE.ConfNb=2
PG13.GPIO_Label=RMII_TXD0 [LAN8742A_TXD0]
Dma.UART5_RX.2.MemInc=DMA_MINC_ENABLE
Dma.UART8_RX.4.FIFOThreshold=DMA_FIFO_THRESHOLD_FULL
PG10.Signal=FMC_NE3
PG10.Locked=true
SH.FMC_A3.1=FMC_A3,19b-a2
SH.FMC_A3.0=FMC_A3,19b-a1
SH.FMC_A3.2=FMC_A3,11b-sda1
RCC.USART234578Freq_Value=120000000
PA11.Locked=true
PK2.PinAttribute=CortexM7
PH12.PinAttribute=CortexM7
PA12.PinAttribute=CortexM7
SH.FMC_D31.ConfNb=1
RCC.SPI123Freq_Value=480000000
PB11.Mode=Device_HS
Dma.UART4_TX.1.Instance=DMA1_Stream1
SH.FMC_D15_DA15.2=FMC_D15,sd-32b-d1
SH.FMC_D15_DA15.1=FMC_D15,16b-d2
SH.FMC_D15_DA15.0=FMC_D15,16b-d1
PC6.Mode=SD_4_bits_Wide_bus_dir_voltage_converter
NVIC2.ForceEnableDMAVector=true
PC6.Locked=true
PA9.Signal=USB_OTG_FS_VBUS
RCC.DIVN2=9
I2C1.Timing=0x307075B1
RCC.DIVN1=192
Dma.UART8_TX.5.Mode=DMA_NORMAL
PB5.Locked=true
Dma.UART8_TX.5.PeriphInc=DMA_PINC_DISABLE
PI1.Locked=true
Dma.UART4_RX.0.PeriphInc=DMA_PINC_DISABLE
PD7.Locked=true
PE9.GPIO_Label=D6 [IS42S32800G_DQ6]
SH.FMC_D17.0=FMC_D17,sd-32b-d1
PF12.PinAttribute=CortexM7
PB10.Signal=USB_OTG_HS_ULPI_D3
RCC.USBCLockSelection=RCC_USBCLKSOURCE_HSI48
PG3.PinAttribute=CortexM7
PH9.GPIO_Label=D17 [IS42S32800G_DQ17]
PG1.PinAttribute=CortexM7
Dma.USART3_RX.8.PeriphInc=DMA_PINC_DISABLE
PI9.GPIO_Label=D30 [IS42S32800G_DQ30]
PA10.ContextOwner=CortexM7
PH6.Mode=SdramChipSelect2_1
ProjectManager.LastFirmware=true
Mcu.Pin116=PH6
PI2.GPIOParameters=GPIO_Label,PinAttribute
Mcu.Pin117=PH8
PF2.GPIOParameters=GPIO_Label,PinAttribute
Mcu.Pin118=PB12
Mcu.Pin119=PB15
Dma.UART4_RX.0.SyncPolarity=HAL_DMAMUX_SYNC_NO_EVENT
PI6.Locked=true
PA1.Mode=RMII
PK3.PinAttribute=CortexM7
SH.FMC_D20.ConfNb=1
PH11.PinAttribute=CortexM7
PE15.Signal=FMC_D12_DA12
PA11.PinAttribute=CortexM7
PE8.Signal=FMC_D5_DA5
VP_SYS_VS_tim1.Signal=SYS_VS_tim1
Dma.UART5_RX.2.RequestParameters=Instance,Direction,PeriphInc,MemInc,PeriphDataAlignment,MemDataAlignment,Mode,Priority,FIFOMode,SignalID,Polarity,RequestNumber,SyncSignalID,SyncPolarity,SyncEnable,EventEnable,SyncRequestNumber
PI1.Signal=FMC_D25
RCC.RNGFreq_Value=48000000
Mcu.Pin112=PF11
Mcu.Pin113=PG0
Mcu.Pin114=PE8
PF12.Locked=true
PF11.Locked=true
Mcu.Pin115=PE13
Mcu.Pin110=PC4
Mcu.Pin111=PB1
PA9.Locked=true
Dma.USART6_TX.11.RequestParameters=Instance,Direction,PeriphInc,MemInc,PeriphDataAlignment,MemDataAlignment,Mode,Priority,FIFOMode,SignalID,Polarity,RequestNumber,SyncSignalID,SyncPolarity,SyncEnable,EventEnable,SyncRequestNumber
Mcu.Pin127=PE14
Mcu.Pin128=PH7
NVIC1.DMA1_Stream5_IRQn=true\:0\:0\:false\:false\:true\:false\:true
Mcu.Pin129=PB13
PI0.Locked=true
PE1.PinAttribute=CortexM7
NVIC1.DMA2_Stream2_IRQn=true\:0\:0\:false\:false\:true\:false\:true
PE7.Locked=true
SH.FMC_SDNCAS.0=FMC_SDNCAS,11b-sda1
ProjectManager.FreePins=false
RCC.LPTIM2Freq_Value=120000000
SH.FMC_NBL1.ConfNb=2
PH4.Mode=Device_HS
ProjectManager.UnderRoot=false
PE13.Locked=true
PH14.GPIO_Label=D22 [IS42S32800G_DQ22]
SH.FMC_D7_DA7.ConfNb=3
Mcu.Pin123=PC5
Mcu.Pin124=PB0
Mcu.Pin125=PG1
Mcu.Pin126=PE7
PB5.Signal=USB_OTG_HS_ULPI_D7
Dma.USART6_RX.10.MemInc=DMA_MINC_ENABLE
PG15.GPIOParameters=GPIO_Label,PinAttribute
Mcu.Pin120=PD10
Mcu.Pin121=PD9
PE13.GPIO_Label=D10 [IS42S32800G_DQ10]
Mcu.Pin122=PA3
PD11.Signal=FMC_A16_CLE
SH.FMC_A10.ConfNb=3
ProjectManager.CompilerOptimize=6
SH.FMC_A5.1=FMC_A5,19b-a2
SH.FMC_A5.0=FMC_A5,19b-a1
PG11.Mode=RMII
PA11.Signal=USB_OTG_FS_DM
PD1.PinAttribute=CortexM7
SH.FMC_A5.2=FMC_A5,11b-sda1
PK3.GPIO_Label=LD1
PH5.Locked=true
DSI_CKN.Locked=true
PF2.PinAttribute=CortexM7
RCC.LPTIM345Freq_Value=120000000
ProjectManager.ComputerToolchain=false
PF9.Signal=SPI5_MOSI
RCC.LTDCFreq_Value=50390625
Dma.UART8_TX.5.MemInc=DMA_MINC_ENABLE
PB8.Mode=Asynchronous
Dma.USART6_RX.10.RequestNumber=1
Mcu.Pin109=PA5
Dma.UART4_TX.1.MemDataAlignment=DMA_MDATAALIGN_BYTE
PF3.Locked=true
Mcu.Pin105=PH12
PA8.Mode=Clock-out-1
Mcu.Pin106=PD11
Mcu.Pin107=PD12
Mcu.Pin108=PD13
PE12.GPIOParameters=GPIO_Label,PinAttribute
PE14.PinAttribute=CortexM7
SH.FMC_NBL3.0=FMC_NBL3,Sd4ByteEnable1
PG3.GPIO_Label=A13 [PC28F128M29EWLA_A13]
PK3.ContextOwner=CortexM7
SH.FMC_D12_DA12.ConfNb=3
RCC.HCLK3ClockFreq_Value=240000000
PD1.Locked=true
SPI5.IPParameters=VirtualType,Mode,Direction,CalculateBaudRate,VirtualNSS
PB0.Signal=USB_OTG_HS_ULPI_D1
Mcu.ContextNb=2
SH.FMC_D19.0=FMC_D19,sd-32b-d1
PA7.GPIOParameters=GPIO_Label,PinAttribute
RCC.CPU2SystikFreq_Value=240000000
PC0.Locked=true
PC1.Signal=ETH_MDC
PF13.PinAttribute=CortexM7
PB12.GPIOParameters=GPIO_Label,PinAttribute
PG10.GPIO_Label=FMC_NE3 [IS61WV102416BLL_CE]
PD7.GPIOParameters=GPIO_Label,PinAttribute
PG7.GPIOParameters=GPIO_Label,PinAttribute
Mcu.Pin101=PF15
NVIC1.UART5_IRQn=true\:0\:0\:false\:false\:true\:true\:true
Mcu.Pin102=PE12
Mcu.Pin103=PE15
VP_SYS_M4_VS_tim1.Signal=SYS_M4_VS_tim1
Mcu.Pin104=PH9
Dma.UART8_TX.5.Priority=DMA_PRIORITY_LOW
PG2.PinAttribute=CortexM7
Mcu.Pin100=PF12
RCC.DIVQ2Freq_Value=29296875
Dma.UART8_RX.4.PeriphInc=DMA_PINC_DISABLE
Dma.USART1_TX.7.PeriphInc=DMA_PINC_DISABLE
RCC.SAI1Freq_Value=480000000
RCC.CortexFreq_Value=480000000
SH.FMC_A2.ConfNb=3
PH14.Locked=true
PI10.GPIOParameters=GPIO_Label,PinAttribute
Mcu.UserName=STM32H757XIHx
PF5.PinAttribute=CortexM7
PD9.GPIOParameters=GPIO_Label,PinAttribute
Dma.USART3_TX.9.SyncRequestNumber=1
RCC.HPRE=RCC_HCLK_DIV2
Dma.USART3_TX.9.MemInc=DMA_MINC_ENABLE
PJ9.GPIOParameters=PinAttribute
PH0-OSC_IN\ (PH0).Locked=true
PC10.Signal=USART3_TX
SH.FMC_NBL0.0=FMC_NBL0,2ByteEnable2
SH.FMC_NBL0.1=FMC_NBL0,Sd4ByteEnable1
ProjectManager.functionlistsort=1-MX_GPIO_Init-GPIO-false-HAL-true-CortexM7,2-MX_DMA_Init-DMA-false-HAL-true-CortexM7,3-SystemClock_Config-RCC-false-HAL-false-CortexM7,4-MX_DSIHOST_DSI_Init-DSIHOST-false-HAL-true-CortexM7,5-MX_ETH_Init-ETH-false-HAL-true-CortexM7,6-MX_FMC_Init-FMC-false-HAL-true-CortexM7,7-MX_I2C1_Init-I2C1-false-HAL-true-CortexM7,8-MX_LTDC_Init-LTDC-false-HAL-true-CortexM7,9-MX_SPI5_Init-SPI5-false-HAL-true-CortexM7,10-MX_USART1_UART_Init-USART1-false-HAL-true-CortexM7,11-MX_USB_OTG_FS_PCD_Init-USB_OTG_FS-false-HAL-true-CortexM7,12-MX_USB_OTG_HS_PCD_Init-USB_OTG_HS-false-HAL-true-CortexM7,13-MX_FREERTOS_Init-FREERTOS_M7-false-HAL-false-CortexM7,14-MX_UART4_Init-UART4-false-HAL-true-CortexM7,15-MX_UART5_Init-UART5-false-HAL-true-CortexM7,16-MX_UART8_Init-UART8-false-HAL-true-CortexM7,17-MX_USART3_UART_Init-USART3-false-HAL-true-CortexM7,18-MX_USART6_UART_Init-USART6-false-HAL-true-CortexM7,1-MX_GPIO_Init-GPIO-false-HAL-true-CortexM4,2-MX_DMA_Init-DMA-false-HAL-true-CortexM4,3-MX_FREERTOS_Init-FREERTOS_M4-false-HAL-false-CortexM4,0-MX_CORTEX_M7_Init-CORTEX_M7-false-HAL-true-CortexM7,0-MX_CORTEX_M4_Init-CORTEX_M4-false-HAL-true-CortexM4
PC0.GPIOParameters=GPIO_Label,PinAttribute
SH.FMC_D6_DA6.1=FMC_D6,16b-d2
PC0.GPIO_Label=ULPI_STP [USB3320C_STP]
SH.FMC_D6_DA6.0=FMC_D6,16b-d1
DSI_D1N.PinAttribute=CortexM7
PA15\ (JTDI).PinAttribute=CortexM7
PB0.GPIO_Label=ULPI_D1 [USB3320C_D1]
SH.FMC_D6_DA6.2=FMC_D6,sd-32b-d1
Dma.UART8_RX.4.Polarity=HAL_DMAMUX_REQ_GEN_RISING
PI5.GPIO_Label=FMC_NBL3 [IS42S32800G_DQM3]
PH5.GPIO_Label=SDNWE [IS42S32800G_WE]
Dma.USART6_RX.10.Instance=DMA2_Stream2
PC13.GPIO_Label=B3 [Tamper Key Button]
PK5.GPIO_Label=LD3
Dma.UART8_RX.4.MemBurst=DMA_MBURST_SINGLE
PB11.Signal=USB_OTG_HS_ULPI_D4
Dma.USART6_TX.11.SignalID=NONE
PI0.GPIOParameters=GPIO_Label,PinAttribute
PK5.GPIOParameters=GPIO_Label,PinAttribute
Dma.USART6_RX.10.Priority=DMA_PRIORITY_LOW
PC11.PinAttribute=CortexM7
ProjectManager.StackSize=0x400
Dma.USART6_TX.11.PeriphDataAlignment=DMA_PDATAALIGN_BYTE
Dma.USART3_RX.8.SyncRequestNumber=1
Dma.USART6_RX.10.Mode=DMA_NORMAL
NVIC2.TimeBase=TIM1_UP_IRQn
PI11.GPIOParameters=GPIO_Label,PinAttribute
RCC.VCOInput3Freq_Value=781250
PB11.PinAttribute=CortexM7
SH.FMC_A7.1=FMC_A7,19b-a2
PA12.Locked=true
SH.FMC_A7.0=FMC_A7,19b-a1
Dma.UART8_RX.4.RequestParameters=Instance,Direction,PeriphInc,MemInc,PeriphDataAlignment,MemDataAlignment,Mode,Priority,FIFOMode,FIFOThreshold,MemBurst,PeriphBurst,SignalID,Polarity,RequestNumber,SyncSignalID,SyncPolarity,SyncEnable,EventEnable,SyncRequestNumber
PA12.Signal=USB_OTG_FS_DP
PH4.GPIOParameters=GPIO_Label,PinAttribute
SH.FMC_A7.2=FMC_A7,11b-sda1
Mcu.UserConstants=
PH7.Locked=true
PI1.GPIOParameters=GPIO_Label,PinAttribute
PC1.GPIOParameters=GPIO_Label,PinAttribute
PF5.Locked=true
Mcu.ThirdPartyNb=0
DSI_D0P.GPIOParameters=PinAttribute
Dma.USART6_RX.10.PeriphBurst=DMA_PBURST_SINGLE
Dma.UART4_TX.1.Polarity=HAL_DMAMUX_REQ_GEN_RISING
PA10.PinAttribute=CortexM7
DSI_CKP.Locked=true
PD11.GPIO_Label=A16 [PC28F128M29EWLA_A16]
RCC.HCLKFreq_Value=240000000
Mcu.IPNb=24
SH.FMC_D8_DA8.2=FMC_D8,sd-32b-d1
PH7.PinAttribute=CortexM7
Dma.UART5_RX.2.SignalID=NONE
RCC.SPDIFRXFreq_Value=480000000
PF11.GPIO_Label=SNDRAS [IS42S32800G_RAS]
PH9.PinAttribute=CortexM7
PF12.Signal=FMC_A6
PD8.GPIOParameters=GPIO_Label,PinAttribute
Dma.USART3_TX.9.Priority=DMA_PRIORITY_LOW
PE13.PinAttribute=CortexM7
Dma.UART4_TX.1.EventEnable=DISABLE
PH15.GPIOParameters=GPIO_Label,PinAttribute
Mcu.Pin6=PG9
Mcu.Pin7=PD5
PJ8.GPIOParameters=PinAttribute
Mcu.Pin8=PD4
Mcu.Pin9=PC10
SH.FMC_A10.0=FMC_A10,19b-a1
SH.FMC_A10.1=FMC_A10,19b-a2
Mcu.Pin0=PI6
Mcu.Pin1=PI5
GPIO.groupedBy=Group By Peripherals
Mcu.Pin2=PI4
PF14.PinAttribute=CortexM7
Dma.UART8_TX.5.SyncPolarity=HAL_DMAMUX_SYNC_NO_EVENT
Dma.USART3_RX.8.Instance=DMA2_Stream0
Mcu.Pin3=PB5
PK3.Locked=true
Mcu.Pin4=PK5
PD10.GPIOParameters=GPIO_Label,PinAttribute
PB0.PinAttribute=CortexM7
Mcu.Pin5=PG10
NVIC1.USART6_IRQn=true\:0\:0\:false\:false\:true\:true\:true
SH.FMC_D8_DA8.0=FMC_D8,16b-d1
SH.FMC_A10.2=FMC_A10,11b-sda1
SH.FMC_D8_DA8.1=FMC_D8,16b-d2
PG14.PinAttribute=CortexM7
Dma.USART1_TX.7.RequestParameters=Instance,Direction,PeriphInc,MemInc,PeriphDataAlignment,MemDataAlignment,Mode,Priority,FIFOMode,SignalID,Polarity,RequestNumber,SyncSignalID,SyncPolarity,SyncEnable,EventEnable,SyncRequestNumber
PI8.Signal=GPXTI8
SH.FMC_D2_DA2.0=FMC_D2,16b-d1
SH.FMC_D2_DA2.1=FMC_D2,16b-d2
SH.FMC_D2_DA2.2=FMC_D2,sd-32b-d1
PD0.PinAttribute=CortexM7
PE13.Signal=FMC_D10_DA10
PF3.PinAttribute=CortexM7
DSI_D1N.GPIOParameters=PinAttribute
PI5.Locked=true
PI5.Signal=FMC_NBL3
VP_SYS_VS_tim1.Mode=TIM1
PI0.Signal=FMC_D24
PI8.PinAttribute=Free
File.Version=6
PA10.GPIO_Label=eINK_RST
SH.FMC_D5_DA5.ConfNb=3
SH.FMC_D2_DA2.ConfNb=3
PG13.Mode=RMII
NVIC2.TimeBaseIP=TIM1
PK6.GPIOParameters=GPIO_Label,PinAttribute
SH.FMC_SDNRAS.0=FMC_SDNRAS,11b-sda1
Dma.RequestsNb=12
Dma.UART5_RX.2.PeriphInc=DMA_PINC_DISABLE
Dma.UART8_TX.5.Polarity=HAL_DMAMUX_REQ_GEN_RISING
ProjectManager.ProjectName=TimeServer_H757
PD7.GPIO_Label=FMC_NE1 [PC28F128M29EWLA_E]
PH7.Mode=SdramChipSelect2_1
RCC.APB3Freq_Value=120000000
DSI_D1P.PinAttribute=CortexM7
PJ9.PinAttribute=CortexM7
SH.FMC_D0_DA0.2=FMC_D0,sd-32b-d1
Dma.UART5_TX.3.SyncPolarity=HAL_DMAMUX_SYNC_NO_EVENT
PA7.Locked=true
PJ9.Signal=UART8_RX
SH.FMC_D0_DA0.0=FMC_D0,16b-d1
SH.FMC_D0_DA0.1=FMC_D0,16b-d2
SH.FMC_A9.2=FMC_A9,11b-sda1
RCC.D1PPRE=RCC_APB3_DIV2
Dma.USART6_RX.10.SyncRequestNumber=1
Dma.UART4_TX.1.MemInc=DMA_MINC_ENABLE
PA2.GPIO_Label=RMII_MDIO [LAN8742A_MDIO]
PD14.Locked=true
PG8.PinAttribute=CortexM7
PF5.GPIO_Label=A5 [PC28F128M29EWLA_A5]
Dma.UART4_TX.1.PeriphInc=DMA_PINC_DISABLE
SH.FMC_A9.1=FMC_A9,19b-a2
Dma.USART6_RX.10.FIFOMode=DMA_FIFOMODE_ENABLE
USB_OTG_FS.VirtualMode=Device_Only
SH.FMC_A9.0=FMC_A9,19b-a1
SH.FMC_D4_DA4.1=FMC_D4,16b-d2
SH.FMC_D4_DA4.0=FMC_D4,16b-d1
DSI_CKP.Signal=DSIHOST_CKP
PE0.GPIO_Label=FMC_NBL0 [IS42S32800G_DQM0]
PF5.Signal=FMC_A5
PD13.PinAttribute=CortexM7
PH7.Signal=FMC_SDCKE1
Dma.USART1_TX.7.Direction=DMA_MEMORY_TO_PERIPH
SH.FMC_D4_DA4.2=FMC_D4,sd-32b-d1
Dma.UART5_RX.2.SyncEnable=DISABLE
PK2.GPIO_Label=eINC_DAT_CMD
Dma.USART1_RX.6.Mode=DMA_NORMAL
SH.FMC_D19.ConfNb=1
PC4.Locked=true
SH.FMC_D30.0=FMC_D30,sd-32b-d1
PF0.Signal=FMC_A0
PI2.GPIO_Label=D26 [IS42S32800G_DQ26]
SH.FMC_NBL0.ConfNb=2
Dma.USART3_TX.9.MemDataAlignment=DMA_MDATAALIGN_BYTE
PF11.PinAttribute=CortexM7
Dma.UART8_RX.4.PeriphBurst=DMA_PBURST_SINGLE
RCC.Tim2OutputFreq_Value=120000000
PG4.PinAttribute=CortexM7
Dma.USART3_RX.8.Priority=DMA_PRIORITY_LOW
RCC.DFSDMACLkFreq_Value=480000000
FREERTOS_M7.configUSE_MALLOC_FAILED_HOOK=1
Dma.USART3_RX.8.SyncPolarity=HAL_DMAMUX_SYNC_NO_EVENT
PH14.GPIOParameters=GPIO_Label,PinAttribute
Dma.UART5_TX.3.Mode=DMA_NORMAL
Dma.UART5_TX.3.SignalID=NONE
SH.FMC_A12.0=FMC_A12,19b-a1
PA2.Locked=true
SH.FMC_A12.1=FMC_A12,19b-a2
Dma.UART8_TX.5.PeriphDataAlignment=DMA_PDATAALIGN_BYTE
Dma.UART8_RX.4.SyncEnable=DISABLE
RCC.PLLSourceVirtual=RCC_PLLSOURCE_HSE
Dma.USART6_TX.11.SyncRequestNumber=1
Dma.USART3_TX.9.SyncEnable=DISABLE
NVIC1.HardFault_IRQn=true\:0\:0\:false\:false\:true\:false\:false
PI6.PinAttribute=CortexM7
PE8.GPIOParameters=GPIO_Label,PinAttribute
PK2.Signal=GPIO_Output
Dma.USART1_TX.7.SyncEnable=DISABLE
SH.FMC_A9.ConfNb=3
PA7.Mode=RMII
PB9.GPIO_Label=SDIO1_CDIR
Dma.UART5_RX.2.Polarity=HAL_DMAMUX_REQ_GEN_RISING
PH11.Signal=FMC_D19
ProjectManager.NoMain=false
PG3.Signal=FMC_A13
USART6.IPParameters=VirtualMode-Asynchronous
PG1.Signal=FMC_A11
PG1.Locked=true
Dma.USART1_TX.7.Polarity=HAL_DMAMUX_REQ_GEN_RISING
RCC.SAI4BFreq_Value=480000000
SH.FMC_SDCLK.ConfNb=1
PG10.Mode=NorPsramChipSelect3_2
PC4.Signal=ETH_RXD0
Dma.USART1_RX.6.SignalID=NONE
NVIC1.PriorityGroup=NVIC_PRIORITYGROUP_4
RCC.D2PPRE2=RCC_APB2_DIV4
RCC.D2PPRE1=RCC_APB1_DIV2
PD5.Signal=FMC_NWE
PI10.Signal=FMC_D31
Dma.UART8_TX.5.SyncRequestNumber=1
DSI_D1P.GPIOParameters=PinAttribute
Dma.UART5_TX.3.SyncSignalID=NONE
Dma.UART4_RX.0.SyncEnable=DISABLE
Dma.USART1_RX.6.MemDataAlignment=DMA_MDATAALIGN_BYTE
PC0.Mode=Device_HS
PB13.PinAttribute=CortexM7
PE9.GPIOParameters=GPIO_Label,PinAttribute
PC14-OSC32_IN\ (OSC32_IN).Locked=true
PD12.Locked=true
NVIC1.DMA1_Stream1_IRQn=true\:0\:0\:false\:false\:true\:false\:true
RCC.DSITXEscFreq_Value=15625000
RCC.SPI6Freq_Value=120000000
PH13.GPIO_Label=D21 [IS42S32800G_DQ21]
PC12.GPIOParameters=PinAttribute
SH.FMC_D21.0=FMC_D21,sd-32b-d1
PH8.GPIO_Label=D16 [IS42S32800G_DQ16]
SH.FMC_NBL3.ConfNb=1
Dma.USART1_RX.6.RequestNumber=1
RCC.SPI45Freq_Value=60000000
NVIC1.SVCall_IRQn=true\:0\:0\:false\:false\:false\:false\:false
PE15.GPIO_Label=D12 [IS42S32800G_DQ12]
PH4.Signal=USB_OTG_HS_ULPI_NXT
Dma.UART4_RX.0.Direction=DMA_PERIPH_TO_MEMORY
PD12.GPIOParameters=GPIO_Label,PinAttribute
Dma.USART3_RX.8.FIFOMode=DMA_FIFOMODE_DISABLE
ProjectManager.TargetToolchain=STM32CubeIDE
PH14.PinAttribute=CortexM7
PE7.GPIOParameters=GPIO_Label,PinAttribute
SH.FMC_D1_DA1.ConfNb=3
PE11.PinAttribute=CortexM7
PC14-OSC32_IN\ (OSC32_IN).PinAttribute=CortexM7
PF15.Locked=true
PH5.PinAttribute=CortexM7
NVIC1.ForceEnableDMAVector=true
PC15-OSC32_OUT\ (OSC32_OUT).GPIOParameters=GPIO_Label,PinAttribute
PF2.Signal=FMC_A2
PC4.PinAttribute=CortexM7
PF5.GPIOParameters=GPIO_Label,PinAttribute
PH11.Locked=true
SH.FMC_D28.ConfNb=1
PG7.ContextOwner=CortexM7
VP_FREERTOS_M4_VS_CMSIS_V2.Mode=CMSIS_V2
PE11.Signal=FMC_D8_DA8
PK0.Signal=SPI5_SCK
PB1.Locked=true
NVIC1.USART3_IRQn=true\:0\:0\:false\:false\:true\:true\:true
PG14.Signal=USART6_TX
Dma.USART3_RX.8.SyncSignalID=NONE
PC6.PinAttribute=CortexM4
PB0.Mode=Device_HS
Dma.UART4_TX.1.SyncRequestNumber=1
PG1.GPIO_Label=A11 [PC28F128M29EWLA_A11]
DSI_D1P.Locked=true
PB5.PinAttribute=CortexM7
Dma.USART3_TX.9.Instance=DMA2_Stream1
PD11.GPIOParameters=GPIO_Label,PinAttribute
RCC.VCOInput1Freq_Value=5000000
Dma.USART6_TX.11.Polarity=HAL_DMAMUX_REQ_GEN_RISING
PI8.Locked=true
RCC.APB2Freq_Value=60000000
PG4.GPIOParameters=PinAttribute
SH.FMC_D13_DA13.ConfNb=3
PI3.Locked=true
PD4.GPIO_Label=FMC_NOE [IS61WV102416BLL_OE]
PC13.GPIOParameters=GPIO_Label,PinAttribute
Dma.UART4_RX.0.RequestParameters=Instance,Direction,PeriphInc,MemInc,PeriphDataAlignment,MemDataAlignment,Mode,Priority,FIFOMode,SignalID,Polarity,RequestNumber,SyncSignalID,SyncPolarity,SyncEnable,EventEnable,SyncRequestNumber
PI7.GPIO_Label=D29 [IS42S32800G_DQ29]
PF15.Signal=FMC_A9
PD14.GPIO_Label=D0 [IS42S32800G_DQ0]
PF0.Locked=true
PB15.GPIOParameters=GPIO_Label,PinAttribute
PD11.PinAttribute=CortexM7
PE11.Locked=true
Mcu.Name=STM32H757XIHx
SH.FMC_D23.ConfNb=1
PA2.Signal=ETH_MDIO
PC13.PinAttribute=CortexM7
PD14.Signal=FMC_D0_DA0
PA7.GPIO_Label=RMII_CRS_DV [LAN8742A_CRS_DV]
Dma.USART6_RX.10.FIFOThreshold=DMA_FIFO_THRESHOLD_FULL
PA12.Mode=Device_Only
PG12.Locked=true
Dma.UART5_RX.2.SyncSignalID=NONE
PC14-OSC32_IN\ (OSC32_IN).Signal=RCC_OSC32_IN
PC5.GPIO_Label=RMII_RXD1 [LAN8742A_RXD1]
Dma.USART1_TX.7.Mode=DMA_NORMAL
Dma.UART5_TX.3.PeriphInc=DMA_PINC_DISABLE
SH.FMC_D23.0=FMC_D23,sd-32b-d1
PB7.Mode=I2C
DSI_CKN.GPIOParameters=PinAttribute
Dma.USART6_TX.11.PeriphInc=DMA_PINC_DISABLE
NVIC2.MemoryManagement_IRQn=true\:0\:0\:false\:false\:true\:false\:false
PG12.GPIO_Label=RMII_TXD1 [LAN8742A_TXD1]
VP_LTDC_DSIMode.Mode=RGB888
PD5.PinAttribute=CortexM7
RCC.SAI4AFreq_Value=480000000
Dma.USART3_TX.9.PeriphInc=DMA_PINC_DISABLE
PC15-OSC32_OUT\ (OSC32_OUT).PinAttribute=CortexM7
RCC.DIVQ1Freq_Value=480000000
PB8.Signal=UART4_RX
Dma.UART4_TX.1.SignalID=NONE
RCC.D3PPRE=RCC_APB4_DIV2
Dma.USART3_TX.9.FIFOMode=DMA_FIFOMODE_DISABLE
PC7.Mode=SD_4_bits_Wide_bus_dir_voltage_converter
RCC.VCOInput2Freq_Value=6250000
Dma.USART6_RX.10.PeriphInc=DMA_PINC_DISABLE
RCC.APB1Freq_Value=120000000
PB11.Locked=true
NVIC2.HardFault_IRQn=true\:0\:0\:false\:false\:true\:false\:false
ProjectManager.DeviceId=STM32H757XIHx
ProjectManager.LibraryCopy=1
SPI5.Direction=SPI_DIRECTION_2LINES
PB1.GPIOParameters=GPIO_Label,PinAttribute
PA7.Signal=ETH_CRS_DV
PF2.GPIO_Label=A2 [PC28F128M29EWLA_A2]
