#MicroXplorer Configuration settings - do not modify
PB7.PinAttribute=CortexM7
PF7.GPIOParameters=GPIO_Label,PinAttribute
PD7.Mode=NorPsramChipSelect1_1
DSI_CKN.Mode=DSIHost_Adapted_TE
PB13.GPIOParameters=GPIO_Label,PinAttribute
PD12.GPIO_Label=A17 [PC28F128M29EWLA_A17]
PA15\ (JTDI).GPIOParameters=PinAttribute
PC7.GPIOParameters=GPIO_Label,PinAttribute
SH.FMC_D0_DA0.ConfNb=3
PI7.GPIOParameters=GPIO_Label,PinAttribute
SH.FMC_A8.ConfNb=3
SH.FMC_A0.ConfNb=3
SH.FMC_D6_DA6.ConfNb=3
SH.FMC_D9_DA9.ConfNb=3
NVIC1.TimeBaseIP=TIM1
SH.FMC_A0.0=FMC_A0,19b-a1
PE11.GPIOParameters=GPIO_Label,PinAttribute
SH.FMC_A0.2=FMC_A0,11b-sda1
SH.FMC_A0.1=FMC_A0,19b-a2
PH15.GPIO_Label=D23 [IS42S32800G_DQ23]
PH0-OSC_IN\ (PH0).PinAttribute=CortexM7
NVIC2.SysTick_IRQn=true\:0\:0\:false\:false\:true\:false\:true
PI10.PinAttribute=CortexM7
PG8.Signal=FMC_SDCLK
PG8.Locked=true
PG0.Locked=true
PC7.Locked=true
PG0.Signal=FMC_A10
RCC.PLLFRACN=0
PA6.PinAttribute=Free
PD8.Locked=true
SAI1.Instance-SAI_A_MasterWithClock=SAI$Index_Block_A
RCC.RTCFreq_Value=32000
PA5.PinAttribute=CortexM7
RCC.PLLDSIFreq_Value=250000000
PA15\ (JTDI).Signal=DSIHOST_TE
PD0.Locked=true
VP_IWDG1_VS_IWDG.Signal=IWDG1_VS_IWDG
RCC.CpuClockFreq_Value=400000000
PD2.GPIOParameters=GPIO_Label,PinAttribute
SH.FMC_SDNWE.ConfNb=1
PG14.GPIOParameters=GPIO_Label,PinAttribute
USART1.IPParameters=VirtualMode-Asynchronous
SH.FMC_D5_DA5.1=FMC_D5,16b-d2
SH.FMC_D5_DA5.0=FMC_D5,16b-d1
SH.FMC_D5_DA5.2=FMC_D5,sd-32b-d1
PA2.GPIOParameters=GPIO_Label,PinAttribute
PG2.GPIOParameters=GPIO_Label,PinAttribute
SH.FMC_NWE.1=FMC_NWE,Sram2
SH.FMC_NWE.0=FMC_NWE,NorFlash1
USB_OTG_HS.VirtualMode-Device_HS=Device_HS
PB8.PinAttribute=CortexM7
DSI_D1N.Mode=DSIHost_Adapted_TE
PB6.PinAttribute=CortexM7
SH.FMC_D9_DA9.2=FMC_D9,sd-32b-d1
SH.FMC_D9_DA9.0=FMC_D9,16b-d1
SH.FMC_D9_DA9.1=FMC_D9,16b-d2
RCC.LPTIM1Freq_Value=100000000
SH.FMC_D25.0=FMC_D25,sd-32b-d1
SH.FMC_NBL2.ConfNb=1
SH.FMC_D11_DA11.2=FMC_D11,sd-32b-d1
PG15.GPIO_Label=SDNCAS [IS42S32800G_CAS]
PF7.Signal=QUADSPI_BK1_IO2
SH.FMC_SDNWE.0=FMC_SDNWE,11b-sda1
NVIC1.SysTick_IRQn=true\:0\:0\:false\:false\:true\:true\:true
PI11.PinAttribute=CortexM7
PH9.Signal=FMC_D17
SH.FMC_D11_DA11.0=FMC_D11,16b-d1
SH.FMC_D11_DA11.1=FMC_D11,16b-d2
RCC.I2C4Freq_Value=100000000
PB6.Signal=I2C1_SCL
PC7.Signal=SDMMC1_D123DIR
PD0.Signal=FMC_D2_DA2
PD8.Signal=FMC_D13_DA13
PE1.Signal=FMC_NBL1
PE14.Locked=true
SH.FMC_A18.1=FMC_A18,19b-a2
ProjectManager.ProjectBuild=false
SH.FMC_A18.0=FMC_A18,19b-a1
PC8.PinAttribute=CortexM7
PA8.Locked=true
PF1.GPIO_Label=A1 [PC28F128M29EWLA_A1]
PI4.GPIO_Label=FMC_NBL2 [IS42S32800G_DQM2]
PD1.GPIO_Label=D3 [IS42S32800G_DQ3]
PB12.GPIO_Label=ULPI_D5 [USB3320C_D5]
PG14.Mode=Dual_Bank
SH.FMC_A2.2=FMC_A2,11b-sda1
ProjectManager.FirmwarePackage=STM32Cube FW_H7 V1.7.0
SH.FMC_A2.1=FMC_A2,19b-a2
PF12.GPIO_Label=A6 [PC28F128M29EWLA_A6]
PI7.Locked=true
ProjectManager.BackupPrevious=false
RCC.FMCFreq_Value=200000000
NVIC1.DebugMonitor_IRQn=true\:0\:0\:false\:false\:true\:true\:false
PC4.GPIO_Label=RMII_RXD0 [LAN8742A_RXD0]
PG12.GPIOParameters=GPIO_Label,PinAttribute
PE9.Signal=FMC_D6_DA6
PI2.Locked=true
SH.FMC_A2.0=FMC_A2,19b-a1
PE9.Locked=true
PB14.Mode=Asynchronous
PD8.PinAttribute=CortexM7
PB1.GPIO_Label=ULPI_D2 [USB3320C_D2]
RCC.USART16Freq_Value=100000000
PE4.GPIO_Label=SAI1_FSA [WM8994ECS_LRCLK1]
PC9.Mode=SD_4_bits_Wide_bus_auto_dir_voltage_converter
PF10.Locked=true
PF13.Locked=true
VP_SYS_M4_VS_Systick.Mode=SysTick
PA8.Signal=RCC_MCO_1
PF2.Locked=true
PE1.Locked=true
SH.FMC_D1_DA1.0=FMC_D1,16b-d1
PB6.Locked=true
SH.FMC_D1_DA1.1=FMC_D1,16b-d2
SH.FMC_D1_DA1.2=FMC_D1,sd-32b-d1
USB_OTG_HS.IPParameters=VirtualMode-Device_HS
PA3.PinAttribute=CortexM7
ProjectManager.HalAssertFull=false
RCC.DIVP2Freq_Value=58593750
PA7.PinAttribute=CortexM4
Mcu.Package=TFBGA240
PB9.Signal=SDMMC1_CDIR
PB1.Signal=USB_OTG_HS_ULPI_D2
PA5.Locked=true
PB15.PinAttribute=CortexM7
RCC.PLL3FRACN=0
SH.GPXTI8.0=GPIO_EXTI8
DSI_D0P.Mode=DSIHost_Adapted_TE
PD12.Signal=FMC_A17_ALE
SH.FMC_SDNCAS.ConfNb=1
SH.FMC_A11.ConfNb=2
SH.FMC_D27.0=FMC_D27,sd-32b-d1
PE12.GPIO_Label=D9 [IS42S32800G_DQ9]
PH6.Locked=true
PC11.Mode=SD_4_bits_Wide_bus_auto_dir_voltage_converter
PF7.Locked=true
Mcu.Context0=CortexM7
Mcu.Context1=CortexM4
PH9.Locked=true
PD7.PinAttribute=CortexM7
PC14-OSC32_IN\ (OSC32_IN).Mode=LSE-External-Oscillator
RCC.LPUART1Freq_Value=100000000
USB_OTG_FS.IPParameters=VirtualMode
DSI_CKP.GPIOParameters=PinAttribute
PB13.Mode=Device_HS
PE6.Locked=true
PD5.Locked=true
PA4.GPIO_Label=EXT_RESET
PD15.Signal=FMC_D1_DA1
RCC.VCO3OutputFreq_Value=100781250
PG10.PinAttribute=CortexM7
SH.FMC_D3_DA3.ConfNb=3
PC7.PinAttribute=CortexM7
PG12.Signal=ETH_TXD1
PA5.Mode=Device_HS
PA6.GPIOParameters=GPIO_Label,PinAttribute
PG12.PinAttribute=CortexM4
PD6.GPIOParameters=GPIO_Label,PinAttribute
Mcu.Pin80=DSI_CKP
Mcu.Pin81=DSI_CKN
SH.FMC_A4.0=FMC_A4,19b-a1
SH.FMC_A4.2=FMC_A4,11b-sda1
ProjectManager.ProjectFileName=LaOS_H757.ioc
SH.FMC_A4.1=FMC_A4,19b-a2
SH.FMC_A5.ConfNb=3
PH13.Locked=true
PH13.Signal=FMC_D21
SH.FMC_D10_DA10.2=FMC_D10,sd-32b-d1
Mcu.Pin79=PF9
RCC.HPREFreq_Value=80000000
PI10.Locked=true
Mcu.PinsNb=145
PA1.PinAttribute=CortexM4
PC14-OSC32_IN\ (OSC32_IN).GPIOParameters=GPIO_Label,PinAttribute
PC11.Locked=true
Mcu.Pin73=PF7
Mcu.Pin74=PF8
Mcu.Pin71=PF4
Mcu.Pin72=PF6
PC13.Locked=true
PG5.Locked=true
Mcu.Pin77=PC0
SAI1.MClockEnable-SAI_A_MasterWithClock=SAI_MASTERCLOCK_ENABLE
PG5.Signal=FMC_A15_BA1
Mcu.Pin78=PF10
Mcu.Pin75=DSI_D1P
SH.FMC_D10_DA10.1=FMC_D10,16b-d2
PC13.Signal=GPIO_Input
PG3.Locked=true
Mcu.Pin76=DSI_D1N
SH.S_CKOUTDFSDM1.ConfNb=1
SH.FMC_D10_DA10.0=FMC_D10,16b-d1
PD3.Signal=GPIO_Output
Mcu.Pin70=PF5
PG9.Mode=Dual_Bank
PC2.Signal=S_CKOUTDFSDM1
PF9.PinAttribute=CortexM7
SAI1.ErrorAudioFreq-SAI_A_MasterWithClock=1.72 %
SH.FMC_D16.0=FMC_D16,sd-32b-d1
Mcu.Pin68=PH1-OSC_OUT (PH1)
Mcu.Pin69=PH0-OSC_IN (PH0)
PE8.PinAttribute=CortexM7
PB14.Locked=true
Mcu.Pin62=PG5
PG14.Locked=true
Mcu.Pin63=PG6
Mcu.Pin60=PF1
Mcu.Pin61=PF0
PA9.PinAttribute=CortexM7
Mcu.Pin66=PG3
Mcu.Pin67=PG2
Mcu.Pin64=PF3
Mcu.Pin65=PG4
PG13.PinAttribute=CortexM4
PF8.GPIO_Label=QSPI_BK1_IO0 [MT25TL01GHBA8ESF_DQ0]
ETH.IPParameters=MediaInterface
PC3.GPIOParameters=GPIO_Label,PinAttribute
PD10.Signal=FMC_D15_DA15
RCC.D1CPREFreq_Value=400000000
PA3.Mode=Device_HS
PB2.PinAttribute=CortexM7
IWDG1.IPParameters=Prescaler
PB8.GPIO_Label=SDIO1_CKIN
RCC.Tim1OutputFreq_Value=200000000
PI8.GPIO_Label=GPIO_EXPANDER_INT [MFX_V3_IRQOUT]
PA8.GPIO_Label=MCO1
DSI_D0N.Signal=DSIHOST_D0N
SH.FMC_D29.0=FMC_D29,sd-32b-d1
Mcu.Pin59=PF2
Mcu.Pin57=PG8
PC15-OSC32_OUT\ (OSC32_OUT).Locked=true
Mcu.Pin58=PG7
PH11.GPIOParameters=GPIO_Label,PinAttribute
PA2.PinAttribute=CortexM4
PH4.Locked=true
Mcu.Pin51=PA12
Mcu.Pin52=PA11
Mcu.Pin50=PA8
RCC.PLLDSIVCOFreq_Value=500000000
Mcu.Pin55=PC7
Mcu.Pin56=PC6
Mcu.Pin53=PI10
SH.FMC_NWAIT.ConfNb=2
Mcu.Pin54=PI11
PE8.GPIO_Label=D5 [IS42S32800G_DQ5]
PH11.GPIO_Label=D19 [IS42S32800G_DQ19]
PB9.Locked=true
PB11.GPIOParameters=GPIO_Label,PinAttribute
PI3.GPIOParameters=GPIO_Label,PinAttribute
Mcu.Pin48=PC8
Mcu.Pin49=PC9
PH13.GPIOParameters=GPIO_Label,PinAttribute
Mcu.Pin46=PE6
Mcu.Pin47=PD1
SAI1.VirtualMode-SAI_A_MasterWithClock=VM_MASTER
PF3.GPIOParameters=GPIO_Label,PinAttribute
PG6.GPIOParameters=GPIO_Label,PinAttribute
PB14.Signal=USART1_TX
Mcu.Pin40=PD0
PA5.Signal=USB_OTG_HS_ULPI_CK
Mcu.Pin41=PA9
PE13.GPIOParameters=GPIO_Label,PinAttribute
PC12.Mode=SD_4_bits_Wide_bus_auto_dir_voltage_converter
Mcu.Pin44=PC13
Mcu.Pin45=PI8
Mcu.Pin42=PH13
PG11.PinAttribute=CortexM4
Mcu.Pin43=PI9
DSI_D1N.Signal=DSIHOST_D1N
VP_LTDC_DSIMode.Signal=LTDC_DSIMode
PE1.GPIO_Label=FMC_NBL1 [IS42S32800G_DQM1]
PB9.PinAttribute=CortexM7
PG9.PinAttribute=CortexM7
DSI_D1N.Locked=true
PI7.Signal=FMC_D29
PB1.PinAttribute=CortexM7
SH.FMC_A6.0=FMC_A6,19b-a1
NVIC2.BusFault_IRQn=true\:0\:0\:false\:false\:true\:false\:false
RCC.AHB12Freq_Value=200000000
SH.FMC_A6.2=FMC_A6,11b-sda1
PE14.Signal=FMC_D11_DA11
SH.FMC_A6.1=FMC_A6,19b-a2
PE6.Mode=SAI_A_MasterWithClock
Mcu.Pin37=PG14
Mcu.Pin38=PG13
Mcu.Pin35=PB8
PB15.GPIO_Label=RS_232RX [ST3241EBPR_R3OUT]
Mcu.Pin36=PG15
SH.FMC_D14_DA14.ConfNb=3
Mcu.Pin39=PD2
PG7.GPIO_Label=SAI1_MCLKA [WM8994ECS_MCLK1]
PI2.Signal=FMC_D26
PF4.GPIO_Label=A4 [PC28F128M29EWLA_A4]
Mcu.Pin30=PI3
PA1.GPIO_Label=RMII_REF_CLK [LAN8742A_REFCLK0]
Mcu.Pin33=PE3
Mcu.Pin34=PB9
Mcu.Pin31=PE5
Mcu.Pin32=PE4
PF13.Signal=FMC_A7
PC10.GPIOParameters=GPIO_Label,PinAttribute
SH.FMC_NBL2.0=FMC_NBL2,Sd4ByteEnable1
PC9.GPIOParameters=GPIO_Label,PinAttribute
PF9.GPIOParameters=GPIO_Label,PinAttribute
PI9.GPIOParameters=GPIO_Label,PinAttribute
Mcu.Pin26=PB7
SH.FMC_D18.0=FMC_D18,sd-32b-d1
Mcu.Pin27=PG12
Mcu.Pin24=PE2
SH.FMC_D21.ConfNb=1
Mcu.Pin25=PE0
CORTEX_M7.IPParameters=MPU_Control
Mcu.Pin28=PD7
PC7.GPIO_Label=SDIO1_D123DIR
Mcu.Pin29=PC12
PC8.Mode=SD_4_bits_Wide_bus_auto_dir_voltage_converter
DSI_D0N.Mode=DSIHost_Adapted_TE
PD14.GPIOParameters=GPIO_Label,PinAttribute
Mcu.Pin22=PC15-OSC32_OUT (OSC32_OUT)
ETH.MediaInterface=HAL_ETH_RMII_MODE
Mcu.Pin23=PC14-OSC32_IN (OSC32_IN)
PA8.PinAttribute=CortexM7
Mcu.Pin20=PH15
Mcu.Pin21=PH14
PA3.Locked=true
PD10.Locked=true
PC14-OSC32_IN\ (OSC32_IN).GPIO_Label=OSC32_IN
PA5.GPIO_Label=ULPI_CK  [USB3320C_CLKOUT]
PC12.GPIO_Label=SDIO1_CLK
PE5.GPIO_Label=SAI1_SCKA [WM8994ECS_BCK1]
PD15.Locked=true
PE9.PinAttribute=CortexM7
SH.FMC_SDNRAS.ConfNb=1
ProjectManager.HeapSize=0x200
Mcu.Pin15=PG11
Mcu.Pin16=PD6
PB1.Mode=Device_HS
Mcu.Pin13=PE1
Mcu.Pin14=PB6
PH6.Signal=FMC_SDNE1
Mcu.Pin19=PI2
PF10.GPIOParameters=GPIO_Label,PinAttribute
PD9.PinAttribute=CortexM7
Mcu.Pin17=PD3
Mcu.Pin18=PC11
Mcu.Pin11=PI0
Mcu.Pin12=PI7
PD0.GPIOParameters=GPIO_Label,PinAttribute
PF0.GPIO_Label=A0 [PC28F128M29EWLA_A0]
PG0.GPIOParameters=GPIO_Label,PinAttribute
Mcu.Pin10=PI1
PD15.PinAttribute=CortexM7
PI11.GPIO_Label=ULPI_DIR [USB3320C_DIR]
PE3.Signal=SAI1_SD_B
PC9.PinAttribute=CortexM7
PF4.Signal=FMC_A4
SH.FMC_D26.ConfNb=1
PD2.Signal=SDMMC1_CMD
PC1.PinAttribute=CortexM4
NVIC1.BusFault_IRQn=true\:0\:0\:false\:false\:true\:true\:false
PI1.GPIO_Label=D25 [IS42S32800G_DQ25]
PG15.Locked=true
PC1.Mode=RMII
Mcu.Family=STM32H7
ProjectManager.MainLocation=Src
PD2.PinAttribute=CortexM7
SH.FMC_A6.ConfNb=3
SH.FMC_A8.0=FMC_A8,19b-a1
SH.FMC_A8.2=FMC_A8,11b-sda1
PB10.PinAttribute=CortexM7
PG7.PinAttribute=CortexM7
SH.FMC_A8.1=FMC_A8,19b-a2
PG9.GPIOParameters=GPIO_Label,PinAttribute
ProjectManager.KeepUserCode=true
PH14.Signal=FMC_D22
PH10.Signal=FMC_D18
SH.FMC_D14_DA14.2=FMC_D14,sd-32b-d1
SH.FMC_D14_DA14.0=FMC_D14,16b-d1
SH.FMC_D14_DA14.1=FMC_D14,16b-d2
PG2.Signal=FMC_A12
PH0-OSC_IN\ (PH0).Signal=RCC_OSC_IN
PE11.GPIO_Label=D8 [IS42S32800G_DQ8]
PG2.Locked=true
PC15-OSC32_OUT\ (OSC32_OUT).Mode=LSE-External-Oscillator
PC5.Locked=true
PF0.GPIOParameters=GPIO_Label,PinAttribute
PA12.GPIOParameters=GPIO_Label,PinAttribute
PA9.GPIOParameters=GPIO_Label,PinAttribute
SAI1.VirtualProtocol-SAI_A_BASIC=VM_BASIC_PROTOCOL
PA11.GPIOParameters=GPIO_Label,PinAttribute
PD0.GPIO_Label=D2 [IS42S32800G_DQ2]
PD12.PinAttribute=CortexM7
PA11.Mode=Device_Only
PH10.Locked=true
PD6.Locked=true
SH.FMC_A14_BA0.2=FMC_BA0,FourSdramBanks1
SH.FMC_A14_BA0.1=FMC_A14,19b-a2
RCC.PLL2FRACN=3072
SH.FMC_A14_BA0.0=FMC_A14,19b-a1
PD2.Locked=true
RCC.VCO2OutputFreq_Value=58593750
DSI_CKP.Mode=DSIHost_Adapted_TE
SH.FMC_A11.0=FMC_A11,19b-a1
PC1.Locked=true
PB13.GPIO_Label=ULPI_D6 [USB3320C_D6]
PC12.PinAttribute=CortexM7
PB15.Signal=USART1_RX
PF12.GPIOParameters=GPIO_Label,PinAttribute
PE3.PinAttribute=CortexM7
PG15.Signal=FMC_SDNCAS
PG11.Signal=ETH_TX_EN
PH5.GPIOParameters=GPIO_Label,PinAttribute
SH.FMC_A11.1=FMC_A11,19b-a2
PB5.GPIOParameters=GPIO_Label,PinAttribute
DSI_D0N.PinAttribute=CortexM7
PG15.PinAttribute=CortexM7
Mcu.Pin138=PB14
Mcu.Pin139=PD8
PD13.Signal=FMC_A18
Mcu.IP4=ETH
Mcu.IP5=FMC
PD13.Locked=true
Mcu.IP2=DFSDM1
I2C1.IPParameters=Timing
Mcu.IP3=DSIHOST
PI11.Mode=Device_HS
Mcu.IP0=CORTEX_M4
Mcu.IP1=CORTEX_M7
PE4.GPIOParameters=GPIO_Label,PinAttribute
PF9.Locked=true
SAI1.VirtualMode-SAI_B_SyncSlave=VM_SLAVE
PH3.Locked=true
PF1.GPIOParameters=GPIO_Label,PinAttribute
RCC.DIVP3Freq_Value=50390625
RCC.SDMMCFreq_Value=400000000
PI9.PinAttribute=CortexM7
Mcu.Pin134=PE7
Mcu.Pin135=PE14
Mcu.Pin136=PH7
Mcu.Pin137=PB13
Mcu.Pin130=PA4
Mcu.Pin131=PC5
Mcu.Pin132=PB0
Mcu.Pin133=PG1
ProjectManager.PreviousToolchain=
PF1.Locked=true
SH.FMC_NWE.ConfNb=2
PG8.GPIOParameters=GPIO_Label,PinAttribute
PC0.PinAttribute=CortexM7
SH.FMC_NBL1.0=FMC_NBL1,2ByteEnable2
PA8.GPIOParameters=GPIO_Label,PinAttribute
PE15.PinAttribute=CortexM7
SH.FMC_NBL1.1=FMC_NBL1,Sd4ByteEnable1
SH.S_DATAIN1DFSDM1.ConfNb=1
Mcu.Pin140=VP_IWDG1_VS_IWDG
RCC.HRTIMFreq_Value=200000000
PH1-OSC_OUT\ (PH1).Mode=HSE-External-Oscillator
RCC.DIVR3Freq_Value=50390625
Mcu.Pin141=VP_LTDC_DSIMode
SH.FMC_A14_BA0.ConfNb=3
Mcu.Pin142=VP_SAI1_VP_$IpInstance_SAIA_SAI_BASIC
Mcu.Pin143=VP_SYS_VS_tim1
Mcu.Pin144=VP_SYS_M4_VS_Systick
Mcu.IP10=NVIC2
Mcu.IP12=RCC
Mcu.IP11=QUADSPI
PB12.PinAttribute=CortexM7
Mcu.IP18=USB_OTG_FS
VP_IWDG1_VS_IWDG.Mode=IWDG_Activate
Mcu.IP17=USART1
Mcu.IP19=USB_OTG_HS
NVIC2.PriorityGroup=NVIC_PRIORITYGROUP_4
RCC.DIVP1Freq_Value=400000000
Mcu.IP14=SDMMC1
PF9.Mode=Dual_Bank
Mcu.IP13=SAI1
Mcu.IP16=SYS_M4
Mcu.IP15=SYS
PI4.Locked=true
PH7.GPIO_Label=SDCKE1 [IS42S32800G_CKE]
PE8.Locked=true
PF11.Signal=FMC_SDNRAS
PC11.GPIO_Label=SDIO1_D3
PB5.Mode=Device_HS
PD4.PinAttribute=CortexM7
PD14.PinAttribute=CortexM7
PE3.GPIOParameters=GPIO_Label,PinAttribute
SAI1.InitProtocol-SAI_A_MasterWithClock=Enable
PE3.Locked=true
PB7.Signal=I2C1_SDA
PH6.GPIOParameters=GPIO_Label,PinAttribute
NVIC1.MemoryManagement_IRQn=true\:0\:0\:false\:false\:false\:true\:false
PF11.GPIOParameters=GPIO_Label,PinAttribute
CortexM7.IPs=FATFS_M7\:I,FREERTOS_M7\:I,IWDG1\:I,RCC\:I,USB_DEVICE_M7\:I,USB_HOST_M7\:I,WWDG1\:I,DMA\:I,BDMA\:I,MDMA\:I,NVIC1\:I,FMC\:I,I2C1\:I,LTDC\:I,DSIHOST\:I,QUADSPI\:I,SAI1\:I,SAI4\:I,SDMMC1\:I,SYS\:I,USART1\:I,USB_OTG_FS\:I,USB_OTG_HS\:I,CORTEX_M7\:I,DEBUG\:I,ETH,DFSDM1,PDM2PCM_M7\:I,PWR\:I,RESMGR_UTILITY\:I,VREFBUF\:I
PD10.PinAttribute=CortexM7
SH.FMC_D27.ConfNb=1
PB6.GPIOParameters=GPIO_Label,PinAttribute
PF8.PinAttribute=CortexM7
PB0.Locked=true
SH.FMC_D16.ConfNb=1
PB7.GPIO_Label=I2C1_SDA [STM32L152CCT6_I2C_SDA]
PD13.GPIO_Label=A18 [PC28F128M29EWLA_A18]
SH.FMC_A13.1=FMC_A13,19b-a2
PA6.Signal=GPIO_Output
PB12.Mode=Device_HS
PC10.PinAttribute=CortexM7
SH.FMC_A13.0=FMC_A13,19b-a1
PG11.Locked=true
PD5.GPIO_Label=FMC_NWE [IS61WV102416BLL_WE]
SH.FMC_D4_DA4.ConfNb=3
ProjectManager.ToolChainLocation=
DSI_D0N.Locked=true
RCC.DSIFreq_Value=31250000
PF8.Signal=QUADSPI_BK1_IO0
PG0.GPIO_Label=A10 [PC28F128M29EWLA_A10]
SH.FMC_D30.ConfNb=1
RCC.DIVR1Freq_Value=400000000
PF4.PinAttribute=CortexM7
PI0.GPIO_Label=D24 [IS42S32800G_DQ24]
Mcu.Pin95=PF14
Mcu.Pin96=PE9
PF4.Locked=true
Mcu.Pin93=PH5
Mcu.Pin94=PF13
Mcu.Pin99=PB11
PB5.GPIO_Label=ULPI_D7 [USB3320C_D7]
Mcu.Pin97=PE11
Mcu.Pin98=PB10
PC3.PinAttribute=CortexM4
Mcu.Pin91=PH3
PE12.PinAttribute=CortexM7
Mcu.Pin92=PH4
PG11.GPIO_Label=RMII_TX_EN [LAN8742A_TXEN]
PH8.PinAttribute=CortexM7
PD3.GPIO_Label=FDCAN1_STBY [MCP2562FD_STBY]
Mcu.Pin90=PE10
PC5.Signal=ETH_RXD1
PH2.Mode=Dual_Bank
PE7.Signal=FMC_D4_DA4
PD6.Signal=FMC_NWAIT
DSI_D1P.Mode=DSIHost_Adapted_TE
PF3.GPIO_Label=A3 [PC28F128M29EWLA_A3]
SH.S_DATAIN1DFSDM1.0=DFSDM1_DATIN1,PDM_SPI_input_from_ch1_and_internal_clock
SH.FMC_D22.ConfNb=1
PF15.GPIOParameters=GPIO_Label,PinAttribute
PE2.GPIO_Label=PDM1_CLK
PE12.Locked=true
Mcu.Pin84=PC3
Mcu.Pin85=DSI_D0P
Mcu.Pin82=PC1
PB15.Locked=true
PG2.GPIO_Label=A12 [PC28F128M29EWLA_A12]
Mcu.Pin83=PC2
PH1-OSC_OUT\ (PH1).PinAttribute=CortexM7
Mcu.Pin88=PA2
PA3.Signal=USB_OTG_HS_ULPI_D0
Mcu.Pin89=PA1
PF15.PinAttribute=CortexM7
PH1-OSC_OUT\ (PH1).GPIO_Label=OSC_OUT
Mcu.Pin86=DSI_D0N
Mcu.Pin87=PH2
SH.FMC_A3.ConfNb=3
PB14.PinAttribute=CortexM7
SH.FMC_D20.0=FMC_D20,sd-32b-d1
PH8.GPIOParameters=GPIO_Label,PinAttribute
PH15.Locked=true
PB8.GPIOParameters=GPIO_Label,PinAttribute
PG7.Locked=true
PD15.GPIO_Label=D1 [IS42S32800G_DQ1]
PG7.Signal=SAI1_MCLK_A
PE14.GPIOParameters=GPIO_Label,PinAttribute
PH13.PinAttribute=CortexM7
PH12.GPIO_Label=D20 [IS42S32800G_DQ20]
PC9.GPIO_Label=SDIO1_D1
PD6.PinAttribute=CortexM7
PE10.PinAttribute=CortexM7
PC11.Signal=SDMMC1_D3
RCC.DSITX_Div=2
PC8.Signal=SDMMC1_D0
PC10.Mode=SD_4_bits_Wide_bus_auto_dir_voltage_converter
SH.FMC_D31.0=FMC_D31,sd-32b-d1
ProjectManager.DefaultFWLocation=true
PE14.GPIO_Label=D11 [IS42S32800G_DQ11]
PD9.Signal=FMC_D14_DA14
SH.FMC_A13.ConfNb=2
PE7.PinAttribute=CortexM7
PB12.Locked=true
ProjectManager.DeletePrevious=true
PB10.Locked=true
boardIOC=true
PA12.GPIO_Label=USB_FS1_DP
PinOutPanel.CurrentBGAView=Top
RCC.FamilyName=M
PH1-OSC_OUT\ (PH1).Signal=RCC_OSC_OUT
DSI_D0P.Locked=true
PB9.GPIOParameters=GPIO_Label,PinAttribute
PE15.GPIOParameters=GPIO_Label,PinAttribute
PD8.GPIO_Label=D13 [IS42S32800G_DQ13]
DSI_D0P.PinAttribute=CortexM7
PI7.PinAttribute=CortexM7
PG8.GPIO_Label=SDCLK [IS42S32800G_CLK]
USART1.VirtualMode-Asynchronous=VM_ASYNC
CORTEX_M7.MPU_Control=__NULL
SAI1.RealAudioFreq-SAI_A_MasterWithClock=195.312 KHz
PI5.PinAttribute=CortexM7
PA9.Mode=Activate_VBUS
SH.FMC_A15_BA1.ConfNb=3
PH1-OSC_OUT\ (PH1).GPIOParameters=GPIO_Label,PinAttribute
PF10.PinAttribute=Free
PH7.GPIOParameters=GPIO_Label,PinAttribute
NVIC1.NonMaskableInt_IRQn=true\:0\:0\:false\:false\:true\:true\:false
PF6.Signal=QUADSPI_BK1_IO3
SH.FMC_A17_ALE.1=FMC_A17,19b-a2
SH.FMC_D13_DA13.2=FMC_D13,sd-32b-d1
SH.FMC_A17_ALE.0=FMC_A17,19b-a1
PC15-OSC32_OUT\ (OSC32_OUT).Signal=RCC_OSC32_OUT
PH8.Locked=true
PB10.GPIO_Label=ULPI_D3 [USB3320C_D3]
RCC.VCO1OutputFreq_Value=800000000
SH.FMC_A16_CLE.1=FMC_A16,19b-a2
PF6.Locked=true
SH.FMC_A16_CLE.0=FMC_A16,19b-a1
SH.FMC_D13_DA13.0=FMC_D13,16b-d1
PH8.Signal=FMC_D16
SH.FMC_D13_DA13.1=FMC_D13,16b-d2
PB7.GPIOParameters=GPIO_Label,PinAttribute
NVIC2.SVCall_IRQn=true\:0\:0\:false\:false\:true\:false\:false
PB9.Mode=SD_4_bits_Wide_bus_dir_voltage_converter
PC5.GPIOParameters=GPIO_Label,PinAttribute
RCC.AXIClockFreq_Value=200000000
PE2.GPIOParameters=GPIO_Label,PinAttribute
PG10.GPIOParameters=GPIO_Label,PinAttribute
PE0.Locked=true
RCC.USBFreq_Value=48000000
PI5.GPIOParameters=GPIO_Label,PinAttribute
PF9.GPIO_Label=QSPI_BK1_IO1 [MT25TL01GHBA8ESF_DQ1]
SH.FMC_D24.ConfNb=1
PD10.GPIO_Label=D15 [IS42S32800G_DQ15]
PA1.Signal=ETH_REF_CLK
RCC.CKPERFreq_Value=64000000
ProjectManager.BootMode=boot0
PD2.Mode=SD_4_bits_Wide_bus_auto_dir_voltage_converter
PH9.GPIOParameters=GPIO_Label,PinAttribute
PH1-OSC_OUT\ (PH1).Locked=true
board=STM32H757I-EVAL
PG12.Mode=RMII
PF14.GPIOParameters=GPIO_Label,PinAttribute
PI9.Signal=FMC_D30
PH4.GPIO_Label=ULPI_NXT [USB3320C_NXT]
PB15.Mode=Asynchronous
PG5.PinAttribute=CortexM7
PI9.Locked=true
SH.FMC_D22.0=FMC_D22,sd-32b-d1
NVIC1.UsageFault_IRQn=true\:0\:0\:false\:false\:true\:true\:false
MxCube.Version=5.6.1
PH15.PinAttribute=CortexM7
SH.FMC_D12_DA12.2=FMC_D12,sd-32b-d1
RCC.FDCANFreq_Value=400000000
RCC.PLLDSINDIV=10
PI4.Signal=FMC_NBL2
PE5.Mode=SAI_A_MasterWithClock
RCC.ADCFreq_Value=58593750
PD4.GPIOParameters=GPIO_Label,PinAttribute
PC1.GPIO_Label=RMII_MDC [LAN8742A_MDC]
SH.FMC_D12_DA12.1=FMC_D12,16b-d2
SH.FMC_D12_DA12.0=FMC_D12,16b-d1
PF15.GPIO_Label=A9 [PC28F128M29EWLA_A9]
SH.FMC_D29.ConfNb=1
PF14.Locked=true
PE5.Locked=true
SH.FMC_D18.ConfNb=1
PF1.Signal=FMC_A1
SH.FMC_D11_DA11.ConfNb=3
NVIC1.TimeBase=TIM1_UP_IRQn
RCC.IPParameters=ADCFreq_Value,AHB12Freq_Value,AHB4Freq_Value,APB1Freq_Value,APB2Freq_Value,APB3Freq_Value,APB4Freq_Value,AXIClockFreq_Value,CECFreq_Value,CKPERFreq_Value,CPU2Freq_Value,CPU2SystikFreq_Value,CortexFreq_Value,CpuClockFreq_Value,D1CPREFreq_Value,D1PPRE,D2PPRE1,D2PPRE2,D3PPRE,DFSDMACLkFreq_Value,DFSDMFreq_Value,DIVM1,DIVM2,DIVN1,DIVN2,DIVP1Freq_Value,DIVP2,DIVP2Freq_Value,DIVP3Freq_Value,DIVQ1Freq_Value,DIVQ2Freq_Value,DIVQ3Freq_Value,DIVR1Freq_Value,DIVR2Freq_Value,DIVR3Freq_Value,DSIFreq_Value,DSITXEscFreq_Value,DSITX_Div,FDCANFreq_Value,FMCFreq_Value,FamilyName,HCLK3ClockFreq_Value,HCLKFreq_Value,HPRE,HPREFreq_Value,HRTIMFreq_Value,I2C123Freq_Value,I2C4Freq_Value,LPTIM1Freq_Value,LPTIM2Freq_Value,LPTIM345Freq_Value,LPUART1Freq_Value,LTDCFreq_Value,MCO1PinFreq_Value,MCO2PinFreq_Value,PLL2FRACN,PLL3FRACN,PLLDSIFreq_Value,PLLDSINDIV,PLLDSIVCOFreq_Value,PLLFRACN,PLLSourceVirtual,QSPIFreq_Value,RNGFreq_Value,RTCFreq_Value,SAI1Freq_Value,SAI23Freq_Value,SAI4AFreq_Value,SAI4BFreq_Value,SDMMCFreq_Value,SPDIFRXFreq_Value,SPI123Freq_Value,SPI45Freq_Value,SPI6Freq_Value,SWPMI1Freq_Value,SYSCLKFreq_VALUE,SYSCLKSource,SupplySource,Tim1OutputFreq_Value,Tim2OutputFreq_Value,TraceFreq_Value,USART16Freq_Value,USART234578Freq_Value,USBCLockSelection,USBFreq_Value,VCO1OutputFreq_Value,VCO2OutputFreq_Value,VCO3OutputFreq_Value,VCOInput1Freq_Value,VCOInput2Freq_Value,VCOInput3Freq_Value
ProjectManager.AskForMigrate=true
PE0.Signal=FMC_NBL0
PE7.GPIO_Label=D4 [IS42S32800G_DQ4]
PE12.Signal=FMC_D9_DA9
DSI_CKP.PinAttribute=CortexM7
PB2.Locked=true
Mcu.IP8=LTDC
Mcu.IP9=NVIC1
Mcu.IP6=I2C1
Mcu.IP7=IWDG1
ProjectManager.CoupleFile=false
RCC.SYSCLKFreq_VALUE=400000000
RCC.I2C123Freq_Value=100000000
PE5.PinAttribute=CortexM7
PA1.Locked=true
KeepUserPlacement=false
PC15-OSC32_OUT\ (OSC32_OUT).GPIO_Label=OSC32_OUT
SH.FMC_A17_ALE.ConfNb=2
PB2.Mode=Dual_Bank
DSI_D0P.Signal=DSIHOST_D0P
PB2.GPIO_Label=QSPI_CLK [MT25TL01GHBA8ESF_CLK_1]
SH.FMC_NWAIT.0=FMC_NWAIT,AsynchronousWait1
SH.FMC_NWAIT.1=FMC_NWAIT,AsynchronousWait2
PC6.GPIOParameters=GPIO_Label,PinAttribute
PF13.GPIOParameters=GPIO_Label,PinAttribute
PF6.PinAttribute=CortexM7
PI6.GPIOParameters=GPIO_Label,PinAttribute
NVIC2.DebugMonitor_IRQn=true\:0\:0\:false\:false\:true\:false\:false
PI3.GPIO_Label=D27 [IS42S32800G_DQ27
PH0-OSC_IN\ (PH0).GPIO_Label=OSC_IN
PH3.Signal=QUADSPI_BK2_IO1
PB7.Locked=true
PA2.Mode=RMII
PC5.PinAttribute=CortexM4
PC8.Locked=true
SH.FMC_D8_DA8.ConfNb=3
PD9.Locked=true
SH.FMC_A18.ConfNb=2
PH6.PinAttribute=CortexM7
PB12.Signal=USB_OTG_HS_ULPI_D5
PG11.GPIOParameters=GPIO_Label,PinAttribute
PE1.GPIOParameters=GPIO_Label,PinAttribute
PA3.GPIO_Label=ULPI_D0 [USB3320C_D0]
PH0-OSC_IN\ (PH0).GPIOParameters=GPIO_Label,PinAttribute
CortexM4.IPs=FATFS_M4\:I,FREERTOS_M4\:I,IWDG2\:I,RCC,USB_DEVICE_M4\:I,USB_HOST_M4\:I,WWDG2\:I,DMA,BDMA,MDMA,NVIC2\:I,DFSDM1\:I,ETH\:I,FMC,I2C1,QUADSPI,SAI1,SAI4,SDMMC1,USART1,DEBUG,PDM2PCM_M4\:I,PWR,RESMGR_UTILITY,SYS_M4\:I,CORTEX_M4\:I,VREFBUF
PA6.Locked=true
PI2.PinAttribute=CortexM7
SH.FMC_D7_DA7.1=FMC_D7,16b-d2
SH.FMC_D7_DA7.0=FMC_D7,16b-d1
IWDG1.Prescaler=IWDG_PRESCALER_16
SH.FMC_D7_DA7.2=FMC_D7,sd-32b-d1
SH.FMC_D24.0=FMC_D24,sd-32b-d1
SH.FMC_A4.ConfNb=3
PH12.Signal=FMC_D20
PH12.Locked=true
PB10.Mode=Device_HS
PC12.Locked=true
PG4.Signal=FMC_A14_BA0
PG4.Locked=true
PC12.Signal=SDMMC1_CK
PB14.GPIO_Label=RS232_TX [ST3241EBPR_T2IN]
PG6.GPIO_Label=QSPI_BK1_NCS [MT25TL01GHBA8ESF_CS]
PH6.GPIO_Label=SDNE1 [IS42S32800G_CS]
PG3.GPIOParameters=GPIO_Label,PinAttribute
PD3.GPIOParameters=GPIO_Label,PinAttribute
PC6.GPIO_Label=SDIO1_D0DIR
RCC.CPU2Freq_Value=200000000
PI11.Locked=true
PC3.Locked=true
PA3.GPIOParameters=GPIO_Label,PinAttribute
PI6.GPIO_Label=D28 [IS42S32800G_DQ28]
PB6.GPIO_Label=I2C1_SCL [STM32L152CCT6_I2C_SCL]
PA6.GPIO_Label=LCD_BL_CTRL
PD4.Locked=true
PC5.Mode=RMII
PB13.Signal=USB_OTG_HS_ULPI_D6
PD6.GPIO_Label=FMC_NWAIT [PC28F128M29EWLA_RB]
PG13.Signal=ETH_TXD0
PG6.Mode=Enable Chip Select 1 for both banks
SH.FMC_NOE.ConfNb=2
PinOutPanel.RotationAngle=0
PE6.GPIO_Label=SAI1_SDA [WM8994ECS_DACDAT1]
PF6.GPIO_Label=QSPI_BK1_IO3 [MT25TL01GHBA8ESF_DQ3]
DSI_CKN.PinAttribute=CortexM7
RCC.MCO1PinFreq_Value=64000000
RCC.SYSCLKSource=RCC_SYSCLKSOURCE_PLLCLK
RCC.AHB4Freq_Value=200000000
PI3.PinAttribute=CortexM7
PI1.PinAttribute=CortexM7
SH.FMC_A15_BA1.0=FMC_A15,19b-a1
SH.FMC_A15_BA1.1=FMC_A15,19b-a2
NVIC1.PendSV_IRQn=true\:0\:0\:false\:false\:true\:true\:false
PH10.PinAttribute=CortexM7
PA15\ (JTDI).Mode=DSIHost_Adapted_TE
SH.FMC_A12.ConfNb=2
NVIC2.PendSV_IRQn=true\:0\:0\:false\:false\:true\:false\:false
PH5.Signal=FMC_SDNWE
DSI_CKN.Signal=DSIHOST_CKN
PD15.GPIOParameters=GPIO_Label,PinAttribute
PD4.Signal=FMC_NOE
SH.FMC_D10_DA10.ConfNb=3
PB6.Mode=I2C
RCC.DIVQ3Freq_Value=50390625
PC3.Signal=S_DATAIN1DFSDM1
SH.FMC_D17.ConfNb=1
PE5.Signal=SAI1_SCK_A
PE10.Locked=true
PF10.GPIO_Label=GPIO_DSI_RST
PB13.Locked=true
PH10.GPIO_Label=D18 [IS42S32800G_DQ18]
NVIC2.UsageFault_IRQn=true\:0\:0\:false\:false\:true\:false\:false
PG13.Locked=true
NVIC2.NonMaskableInt_IRQn=true\:0\:0\:false\:false\:true\:false\:false
PB2.Signal=QUADSPI_CLK
PA4.Locked=true
RCC.DIVM2=4
PI4.PinAttribute=CortexM7
PD1.GPIOParameters=GPIO_Label,PinAttribute
RCC.DIVM1=2
DSI_D1P.Signal=DSIHOST_D1P
PG1.GPIOParameters=GPIO_Label,PinAttribute
MxDb.Version=DB.5.0.60
PE15.Locked=true
PB0.GPIOParameters=GPIO_Label,PinAttribute
PE0.GPIOParameters=GPIO_Label,PinAttribute
PA1.GPIOParameters=GPIO_Label,PinAttribute
SH.FMC_D26.0=FMC_D26,sd-32b-d1
PI6.Signal=FMC_D28
PI3.Signal=FMC_D27
SH.FMC_D15_DA15.ConfNb=3
PE2.Signal=SAI4_CK1
PF8.Mode=Dual_Bank
PF3.Signal=FMC_A3
SH.FMC_D25.ConfNb=1
RCC.DIVR2Freq_Value=29296875
PE10.Signal=FMC_D7_DA7
RCC.MCO2PinFreq_Value=400000000
PC8.GPIOParameters=GPIO_Label,PinAttribute
SH.FMC_A15_BA1.2=FMC_BA1,FourSdramBanks1
PH10.GPIOParameters=GPIO_Label,PinAttribute
PF8.GPIOParameters=GPIO_Label,PinAttribute
PI0.PinAttribute=CortexM7
PI8.GPIOParameters=GPIO_Label,PinAttribute
PD11.Locked=true
PG13.GPIOParameters=GPIO_Label,PinAttribute
PG5.GPIOParameters=PinAttribute
PE10.GPIOParameters=GPIO_Label,PinAttribute
PD5.GPIOParameters=GPIO_Label,PinAttribute
SH.FMC_A1.2=FMC_A1,11b-sda1
SH.GPXTI8.ConfNb=1
RCC.DFSDMFreq_Value=100000000
PA5.GPIOParameters=GPIO_Label,PinAttribute
PB14.GPIOParameters=GPIO_Label,PinAttribute
PF0.PinAttribute=CortexM7
SH.FMC_A1.1=FMC_A1,19b-a2
SH.FMC_A1.0=FMC_A1,19b-a1
PH2.Signal=QUADSPI_BK2_IO0
SH.FMC_SDCLK.0=FMC_SDCLK,11b-sda1
RCC.TraceFreq_Value=64000000
RCC.APB4Freq_Value=100000000
RCC.CECFreq_Value=32000
RCC.SAI23Freq_Value=400000000
PF14.Signal=FMC_A8
PI4.GPIOParameters=GPIO_Label,PinAttribute
PH4.PinAttribute=CortexM7
PB10.GPIOParameters=GPIO_Label,PinAttribute
PI11.Signal=USB_OTG_HS_ULPI_DIR
PE10.GPIO_Label=D7 [IS42S32800G_DQ7]
PH0-OSC_IN\ (PH0).Mode=HSE-External-Oscillator
SH.FMC_D3_DA3.0=FMC_D3,16b-d1
ProjectManager.CustomerFirmwarePackage=
SH.FMC_D3_DA3.1=FMC_D3,16b-d2
PC4.GPIOParameters=GPIO_Label,PinAttribute
RCC.SupplySource=PWR_DIRECT_SMPS_SUPPLY
SH.FMC_D3_DA3.2=FMC_D3,sd-32b-d1
PG0.PinAttribute=CortexM7
PF4.GPIOParameters=GPIO_Label,PinAttribute
PC4.Mode=RMII
PI10.GPIO_Label=D31 [IS42S32800G_DQ31]
PH12.GPIOParameters=GPIO_Label,PinAttribute
SH.FMC_A7.ConfNb=3
PH15.Signal=FMC_D23
SH.FMC_A1.ConfNb=3
SH.FMC_D28.0=FMC_D28,sd-32b-d1
PD9.GPIO_Label=D14 [IS42S32800G_DQ14]
PF1.PinAttribute=CortexM7
VP_SAI1_VP_$IpInstance_SAIA_SAI_BASIC.Mode=SAI_A_BASIC
PG9.Locked=true
PG9.Signal=QUADSPI_BK2_IO2
PA9.GPIO_Label=USB_FS1_VBUS
RCC.SWPMI1Freq_Value=100000000
DSI_D0N.GPIOParameters=PinAttribute
PC6.Signal=SDMMC1_D0DIR
PB11.GPIO_Label=ULPI_D4 [USB3320C_D4]
PE0.PinAttribute=CortexM7
PD7.Signal=FMC_NE1
PD13.GPIOParameters=GPIO_Label,PinAttribute
PD1.Signal=FMC_D3_DA3
PA11.GPIO_Label=USB_FS1_DM
VP_SAI1_VP_$IpInstance_SAIA_SAI_BASIC.Signal=SAI1_VP_$IpInstance_SAIA_SAI_BASIC
RCC.DIVP2=1
PF14.GPIO_Label=A8 [PC28F128M29EWLA_A8]
PC0.Signal=USB_OTG_HS_ULPI_STP
SH.FMC_NOE.0=FMC_NOE,NorFlash1
PC11.GPIOParameters=GPIO_Label,PinAttribute
RCC.QSPIFreq_Value=200000000
SH.FMC_NOE.1=FMC_NOE,Sram2
PF13.GPIO_Label=A7 [PC28F128M29EWLA_A7]
SH.FMC_A16_CLE.ConfNb=2
PG13.GPIO_Label=RMII_TXD0 [LAN8742A_TXD0]
PG10.Signal=FMC_NE3
PG10.Locked=true
SH.FMC_A3.1=FMC_A3,19b-a2
SH.FMC_A3.0=FMC_A3,19b-a1
SH.FMC_A3.2=FMC_A3,11b-sda1
RCC.USART234578Freq_Value=100000000
PA11.Locked=true
PH12.PinAttribute=CortexM7
PA12.PinAttribute=CortexM7
SH.FMC_D31.ConfNb=1
RCC.SPI123Freq_Value=400000000
PB11.Mode=Device_HS
SH.FMC_D15_DA15.2=FMC_D15,sd-32b-d1
SH.FMC_D15_DA15.1=FMC_D15,16b-d2
SH.FMC_D15_DA15.0=FMC_D15,16b-d1
PC6.Mode=SD_4_bits_Wide_bus_dir_voltage_converter
NVIC2.ForceEnableDMAVector=true
PC6.Locked=true
PA9.Signal=USB_OTG_FS_VBUS
RCC.DIVN2=9
I2C1.Timing=0x10C0ECFF
RCC.DIVN1=64
PH3.PinAttribute=CortexM7
PB5.Locked=true
PI1.Locked=true
PD7.Locked=true
PE9.GPIO_Label=D6 [IS42S32800G_DQ6]
SH.FMC_D17.0=FMC_D17,sd-32b-d1
PF12.PinAttribute=CortexM7
PB10.Signal=USB_OTG_HS_ULPI_D3
RCC.USBCLockSelection=RCC_USBCLKSOURCE_HSI48
PG3.PinAttribute=CortexM7
PH9.GPIO_Label=D17 [IS42S32800G_DQ17]
PG1.PinAttribute=CortexM7
PI9.GPIO_Label=D30 [IS42S32800G_DQ30]
PH6.Mode=SdramChipSelect2_1
ProjectManager.LastFirmware=true
Mcu.Pin116=PA5
PI2.GPIOParameters=GPIO_Label,PinAttribute
Mcu.Pin117=PC4
PF2.GPIOParameters=GPIO_Label,PinAttribute
Mcu.Pin118=PB1
Mcu.Pin119=PF11
PI6.Locked=true
PA1.Mode=RMII
SH.FMC_D20.ConfNb=1
PH11.PinAttribute=CortexM7
PE15.Signal=FMC_D12_DA12
PA11.PinAttribute=CortexM7
PE8.Signal=FMC_D5_DA5
VP_SYS_VS_tim1.Signal=SYS_VS_tim1
PI1.Signal=FMC_D25
RCC.RNGFreq_Value=48000000
PC2.GPIOParameters=GPIO_Label,PinAttribute
Mcu.Pin112=PH12
Mcu.Pin113=PD11
PH2.PinAttribute=CortexM7
Mcu.Pin114=PD12
PF12.Locked=true
Mcu.Pin115=PD13
PF11.Locked=true
Mcu.Pin110=PE15
Mcu.Pin111=PH9
PA9.Locked=true
Mcu.Pin127=PD10
Mcu.Pin128=PD9
Mcu.Pin129=PA3
PE1.PinAttribute=CortexM7
PI0.Locked=true
PE7.Locked=true
SH.FMC_SDNCAS.0=FMC_SDNCAS,11b-sda1
PG14.GPIO_Label=QSPI_BK2_IO3 [MT25TL01GHBA8ESF_DQ7]
ProjectManager.FreePins=false
RCC.LPTIM2Freq_Value=100000000
SH.FMC_NBL1.ConfNb=2
PH4.Mode=Device_HS
ProjectManager.UnderRoot=false
PE13.Locked=true
PE2.PinAttribute=CortexM7
PH14.GPIO_Label=D22 [IS42S32800G_DQ22]
SH.FMC_D7_DA7.ConfNb=3
Mcu.Pin123=PH6
Mcu.Pin124=PH8
Mcu.Pin125=PB12
PA4.Signal=GPIO_Output
Mcu.Pin126=PB15
VP_SYS_M4_VS_Systick.Signal=SYS_M4_VS_Systick
PB5.Signal=USB_OTG_HS_ULPI_D7
PG15.GPIOParameters=GPIO_Label,PinAttribute
Mcu.Pin120=PG0
Mcu.Pin121=PE8
PE13.GPIO_Label=D10 [IS42S32800G_DQ10]
Mcu.Pin122=PE13
PD11.Signal=FMC_A16_CLE
SH.FMC_A10.ConfNb=3
ProjectManager.CompilerOptimize=6
SH.FMC_A5.1=FMC_A5,19b-a2
PG11.Mode=RMII
SH.FMC_A5.0=FMC_A5,19b-a1
PA11.Signal=USB_OTG_FS_DM
PD1.PinAttribute=CortexM7
SH.FMC_A5.2=FMC_A5,11b-sda1
PH5.Locked=true
DSI_CKN.Locked=true
PF2.PinAttribute=CortexM7
PF8.Locked=true
PF6.Mode=Dual_Bank
RCC.LPTIM345Freq_Value=100000000
ProjectManager.ComputerToolchain=false
PF9.Signal=QUADSPI_BK1_IO1
RCC.LTDCFreq_Value=50390625
PB8.Mode=SD_4_bits_Wide_bus_auto_dir_voltage_converter
Mcu.Pin109=PE12
PE2.Locked=true
PC3.GPIO_Label=DFSM_DAT1
PF3.Locked=true
Mcu.Pin105=PA7
PA8.Mode=Clock-out-1
Mcu.Pin106=PB2
Mcu.Pin107=PF12
Mcu.Pin108=PF15
PE12.GPIOParameters=GPIO_Label,PinAttribute
PE14.PinAttribute=CortexM7
SH.FMC_NBL3.0=FMC_NBL3,Sd4ByteEnable1
PG3.GPIO_Label=A13 [PC28F128M29EWLA_A13]
SH.FMC_D12_DA12.ConfNb=3
RCC.HCLK3ClockFreq_Value=200000000
PD1.Locked=true
PB0.Signal=USB_OTG_HS_ULPI_D1
Mcu.ContextNb=2
SH.FMC_D19.0=FMC_D19,sd-32b-d1
PA7.GPIOParameters=GPIO_Label,PinAttribute
RCC.CPU2SystikFreq_Value=200000000
PC0.Locked=true
PC1.Signal=ETH_MDC
PF13.PinAttribute=CortexM7
PB12.GPIOParameters=GPIO_Label,PinAttribute
PG10.GPIO_Label=FMC_NE3 [IS61WV102416BLL_CE]
PD7.GPIOParameters=GPIO_Label,PinAttribute
PD2.GPIO_Label=SDIO1_CMD
PG7.GPIOParameters=GPIO_Label,PinAttribute
PH2.GPIO_Label=QSPI_BK2_IO0 [MT25TL01GHBA8ESF_DQ4]
Mcu.Pin101=PH11
Mcu.Pin102=PD15
Mcu.Pin103=PD14
Mcu.Pin104=PA6
PG2.PinAttribute=CortexM7
Mcu.Pin100=PH10
RCC.DIVQ2Freq_Value=29296875
RCC.SAI1Freq_Value=400000000
RCC.CortexFreq_Value=400000000
SH.FMC_A2.ConfNb=3
PG6.Signal=QUADSPI_BK1_NCS
PH14.Locked=true
PI10.GPIOParameters=GPIO_Label,PinAttribute
Mcu.UserName=STM32H757XIHx
PF5.PinAttribute=CortexM7
PD9.GPIOParameters=GPIO_Label,PinAttribute
RCC.HPRE=RCC_HCLK_DIV2
PH0-OSC_IN\ (PH0).Locked=true
PC10.Locked=true
PG6.Locked=true
PC10.Signal=SDMMC1_D2
SH.FMC_NBL0.0=FMC_NBL0,2ByteEnable2
SH.FMC_NBL0.1=FMC_NBL0,Sd4ByteEnable1
ProjectManager.functionlistsort=1-MX_GPIO_Init-GPIO-false-HAL-true-CortexM7,2-SystemClock_Config-RCC-false-HAL-false-CortexM7,3-MX_DFSDM1_Init-DFSDM1-true-HAL-false-CortexM7,4-MX_DSIHOST_DSI_Init-DSIHOST-false-HAL-true-CortexM7,5-MX_ETH_Init-ETH-true-HAL-false-CortexM7,6-MX_FMC_Init-FMC-false-HAL-true-CortexM7,7-MX_I2C1_Init-I2C1-false-HAL-true-CortexM7,8-MX_LTDC_Init-LTDC-false-HAL-true-CortexM7,9-MX_QUADSPI_Init-QUADSPI-false-HAL-true-CortexM7,10-MX_SAI1_Init-SAI1-false-HAL-true-CortexM7,11-MX_SDMMC1_SD_Init-SDMMC1-false-HAL-true-CortexM7,12-MX_USART1_UART_Init-USART1-false-HAL-true-CortexM7,13-MX_USB_OTG_FS_PCD_Init-USB_OTG_FS-false-HAL-true-CortexM7,14-MX_USB_OTG_HS_PCD_Init-USB_OTG_HS-false-HAL-true-CortexM7,1-MX_GPIO_Init-GPIO-false-HAL-true-CortexM4,2-MX_DFSDM1_Init-DFSDM1-false-HAL-true-CortexM4,3-MX_ETH_Init-ETH-false-HAL-true-CortexM4,4-MX_FMC_Init-FMC-true-HAL-false-CortexM4,5-MX_I2C1_Init-I2C1-true-HAL-false-CortexM4,6-MX_QUADSPI_Init-QUADSPI-true-HAL-false-CortexM4,7-MX_SAI1_Init-SAI1-true-HAL-false-CortexM4,8-MX_SDMMC1_SD_Init-SDMMC1-true-HAL-false-CortexM4,9-MX_USART1_UART_Init-USART1-true-HAL-false-CortexM4,0-MX_CORTEX_M7_Init-CORTEX_M7-false-HAL-true-CortexM7,0-MX_CORTEX_M4_Init-CORTEX_M4-false-HAL-true-CortexM4
PC0.GPIOParameters=GPIO_Label,PinAttribute
SH.FMC_D6_DA6.1=FMC_D6,16b-d2
PC0.GPIO_Label=ULPI_STP [USB3320C_STP]
SH.FMC_D6_DA6.0=FMC_D6,16b-d1
DSI_D1N.PinAttribute=CortexM7
PC9.Locked=true
PA15\ (JTDI).PinAttribute=CortexM7
PB0.GPIO_Label=ULPI_D1 [USB3320C_D1]
SH.FMC_D6_DA6.2=FMC_D6,sd-32b-d1
PI5.GPIO_Label=FMC_NBL3 [IS42S32800G_DQM3]
PH5.GPIO_Label=SDNWE [IS42S32800G_WE]
PC13.GPIO_Label=B3 [Tamper Key Button]
PB11.Signal=USB_OTG_HS_ULPI_D4
PI0.GPIOParameters=GPIO_Label,PinAttribute
PC11.PinAttribute=CortexM7
PE4.PinAttribute=CortexM7
PE5.GPIOParameters=GPIO_Label,PinAttribute
ProjectManager.StackSize=0x400
PI11.GPIOParameters=GPIO_Label,PinAttribute
RCC.VCOInput3Freq_Value=781250
PH3.Mode=Dual_Bank
PB11.PinAttribute=CortexM7
SH.FMC_A7.1=FMC_A7,19b-a2
PA12.Locked=true
SH.FMC_A7.0=FMC_A7,19b-a1
PA12.Signal=USB_OTG_FS_DP
PH4.GPIOParameters=GPIO_Label,PinAttribute
SH.FMC_A7.2=FMC_A7,11b-sda1
Mcu.UserConstants=
PH7.Locked=true
PI1.GPIOParameters=GPIO_Label,PinAttribute
PC1.GPIOParameters=GPIO_Label,PinAttribute
PF5.Locked=true
Mcu.ThirdPartyNb=0
DSI_D0P.GPIOParameters=PinAttribute
DSI_CKP.Locked=true
PD11.GPIO_Label=A16 [PC28F128M29EWLA_A16]
RCC.HCLKFreq_Value=200000000
Mcu.IPNb=20
SH.FMC_D8_DA8.2=FMC_D8,sd-32b-d1
PH7.PinAttribute=CortexM7
RCC.SPDIFRXFreq_Value=400000000
PF11.GPIO_Label=SNDRAS [IS42S32800G_RAS]
PH9.PinAttribute=CortexM7
PF12.Signal=FMC_A6
PD8.GPIOParameters=GPIO_Label,PinAttribute
PE13.PinAttribute=CortexM7
PH15.GPIOParameters=GPIO_Label,PinAttribute
Mcu.Pin6=PD5
Mcu.Pin7=PD4
Mcu.Pin8=PC10
Mcu.Pin9=PA15 (JTDI)
PC2.PinAttribute=CortexM4
SH.FMC_A10.0=FMC_A10,19b-a1
SH.FMC_A10.1=FMC_A10,19b-a2
Mcu.Pin0=PI6
Mcu.Pin1=PI5
GPIO.groupedBy=Group By Peripherals
Mcu.Pin2=PI4
PF14.PinAttribute=CortexM7
Mcu.Pin3=PB5
Mcu.Pin4=PG10
PD10.GPIOParameters=GPIO_Label,PinAttribute
PB0.PinAttribute=CortexM7
Mcu.Pin5=PG9
SH.FMC_D8_DA8.0=FMC_D8,16b-d1
SH.FMC_A10.2=FMC_A10,11b-sda1
SH.FMC_D8_DA8.1=FMC_D8,16b-d2
PG14.PinAttribute=CortexM7
PI8.Signal=GPXTI8
SH.FMC_D2_DA2.0=FMC_D2,16b-d1
SH.FMC_D2_DA2.1=FMC_D2,16b-d2
SH.FMC_D2_DA2.2=FMC_D2,sd-32b-d1
PD0.PinAttribute=CortexM7
PE13.Signal=FMC_D10_DA10
PF3.PinAttribute=CortexM7
PF7.GPIO_Label=QSPI_BK1_IO2 [MT25TL01GHBA8ESF_DQ2]
DSI_D1N.GPIOParameters=PinAttribute
PI5.Locked=true
PI5.Signal=FMC_NBL3
VP_SYS_VS_tim1.Mode=TIM1
PI0.Signal=FMC_D24
PI8.PinAttribute=Free
File.Version=6
SH.FMC_D5_DA5.ConfNb=3
PH3.GPIOParameters=GPIO_Label,PinAttribute
SH.FMC_D2_DA2.ConfNb=3
PB8.Locked=true
PG13.Mode=RMII
PE4.Mode=SAI_A_MasterWithClock
SH.FMC_SDNRAS.0=FMC_SDNRAS,11b-sda1
PF7.PinAttribute=CortexM7
PE4.Signal=SAI1_FS_A
PE6.GPIOParameters=GPIO_Label,PinAttribute
ProjectManager.ProjectName=LaOS_H757
PD7.GPIO_Label=FMC_NE1 [PC28F128M29EWLA_E]
PH7.Mode=SdramChipSelect2_1
RCC.APB3Freq_Value=100000000
DSI_D1P.PinAttribute=CortexM7
SH.FMC_D0_DA0.2=FMC_D0,sd-32b-d1
PA7.Locked=true
SH.FMC_D0_DA0.0=FMC_D0,16b-d1
SH.FMC_D0_DA0.1=FMC_D0,16b-d2
SH.FMC_A9.2=FMC_A9,11b-sda1
RCC.D1PPRE=RCC_APB3_DIV2
PD3.PinAttribute=Free
PA2.GPIO_Label=RMII_MDIO [LAN8742A_MDIO]
PD14.Locked=true
PG8.PinAttribute=CortexM7
PF5.GPIO_Label=A5 [PC28F128M29EWLA_A5]
SH.FMC_A9.1=FMC_A9,19b-a2
USB_OTG_FS.VirtualMode=Device_Only
SH.FMC_A9.0=FMC_A9,19b-a1
SH.FMC_D4_DA4.1=FMC_D4,16b-d2
SH.FMC_D4_DA4.0=FMC_D4,16b-d1
DSI_CKP.Signal=DSIHOST_CKP
PE0.GPIO_Label=FMC_NBL0 [IS42S32800G_DQM0]
PF5.Signal=FMC_A5
PH3.GPIO_Label=QSPI_BK2_IO1 [MT25TL01GHBA8ESF_DQ5]
PD13.PinAttribute=CortexM7
PH7.Signal=FMC_SDCKE1
SH.FMC_D4_DA4.2=FMC_D4,sd-32b-d1
SH.FMC_D19.ConfNb=1
PC4.Locked=true
SH.FMC_D30.0=FMC_D30,sd-32b-d1
PF0.Signal=FMC_A0
PI2.GPIO_Label=D26 [IS42S32800G_DQ26]
SH.FMC_NBL0.ConfNb=2
PF11.PinAttribute=CortexM7
PE3.Mode=SAI_B_SyncSlave
PC2.GPIO_Label=DFSDM_CLK
RCC.Tim2OutputFreq_Value=200000000
PG4.PinAttribute=CortexM7
RCC.DFSDMACLkFreq_Value=400000000
PH14.GPIOParameters=GPIO_Label,PinAttribute
SH.FMC_A12.0=FMC_A12,19b-a1
SH.FMC_A12.1=FMC_A12,19b-a2
PA2.Locked=true
RCC.PLLSourceVirtual=RCC_PLLSOURCE_HSE
NVIC1.HardFault_IRQn=true\:0\:0\:false\:false\:true\:true\:false
PI6.PinAttribute=CortexM7
PE8.GPIOParameters=GPIO_Label,PinAttribute
SH.FMC_A9.ConfNb=3
PA7.Mode=RMII
PB9.GPIO_Label=SDIO1_CDIR
PC10.GPIO_Label=SDIO1_D2
PH11.Signal=FMC_D19
ProjectManager.NoMain=false
PG3.Signal=FMC_A13
PG1.Signal=FMC_A11
PG1.Locked=true
RCC.SAI4BFreq_Value=400000000
SH.FMC_SDCLK.ConfNb=1
PG10.Mode=NorPsramChipSelect3_2
PC4.Signal=ETH_RXD0
NVIC1.PriorityGroup=NVIC_PRIORITYGROUP_4
RCC.D2PPRE2=RCC_APB2_DIV2
RCC.D2PPRE1=RCC_APB1_DIV2
PD5.Signal=FMC_NWE
PI10.Signal=FMC_D31
DSI_D1P.GPIOParameters=PinAttribute
PC0.Mode=Device_HS
PB13.PinAttribute=CortexM7
PE9.GPIOParameters=GPIO_Label,PinAttribute
PC14-OSC32_IN\ (OSC32_IN).Locked=true
PD12.Locked=true
RCC.DSITXEscFreq_Value=15625000
RCC.SPI6Freq_Value=100000000
PH13.GPIO_Label=D21 [IS42S32800G_DQ21]
PC8.GPIO_Label=SDIO1_D0
PC12.GPIOParameters=GPIO_Label,PinAttribute
SH.FMC_D21.0=FMC_D21,sd-32b-d1
PF7.Mode=Dual_Bank
PH8.GPIO_Label=D16 [IS42S32800G_DQ16]
SH.FMC_NBL3.ConfNb=1
RCC.SPI45Freq_Value=100000000
NVIC1.SVCall_IRQn=true\:0\:0\:false\:false\:false\:true\:false
PE15.GPIO_Label=D12 [IS42S32800G_DQ12]
PH4.Signal=USB_OTG_HS_ULPI_NXT
PD12.GPIOParameters=GPIO_Label,PinAttribute
ProjectManager.TargetToolchain=STM32CubeIDE
PH14.PinAttribute=CortexM7
PE7.GPIOParameters=GPIO_Label,PinAttribute
SH.FMC_D1_DA1.ConfNb=3
PE11.PinAttribute=CortexM7
PC14-OSC32_IN\ (OSC32_IN).PinAttribute=CortexM7
PF15.Locked=true
PB2.GPIOParameters=GPIO_Label,PinAttribute
PH5.PinAttribute=CortexM7
NVIC1.ForceEnableDMAVector=true
PC15-OSC32_OUT\ (OSC32_OUT).GPIOParameters=GPIO_Label,PinAttribute
PE4.Locked=true
PF2.Signal=FMC_A2
PC4.PinAttribute=CortexM4
PC2.Locked=true
PF5.GPIOParameters=GPIO_Label,PinAttribute
PH2.GPIOParameters=GPIO_Label,PinAttribute
PH11.Locked=true
SH.FMC_D28.ConfNb=1
PG7.Mode=SAI_A_MasterWithClock
PE11.Signal=FMC_D8_DA8
PD3.Locked=true
PB1.Locked=true
PG9.GPIO_Label=QSPI_BK2_IO2 [MT25TL01GHBA8ESF_DQ6]
PG14.Signal=QUADSPI_BK2_IO3
PC6.PinAttribute=CortexM7
PB0.Mode=Device_HS
SAI1.IPParameters=Instance-SAI_A_MasterWithClock,VirtualMode-SAI_A_MasterWithClock,MClockEnable-SAI_A_MasterWithClock,RealAudioFreq-SAI_A_MasterWithClock,ErrorAudioFreq-SAI_A_MasterWithClock,Instance-SAI_B_SyncSlave,VirtualMode-SAI_B_SyncSlave,InitProtocol-SAI_A_MasterWithClock,VirtualProtocol-SAI_A_BASIC
PG1.GPIO_Label=A11 [PC28F128M29EWLA_A11]
DSI_D1P.Locked=true
PB5.PinAttribute=CortexM7
PD11.GPIOParameters=GPIO_Label,PinAttribute
RCC.VCOInput1Freq_Value=12500000
PI8.Locked=true
RCC.APB2Freq_Value=100000000
PG4.GPIOParameters=PinAttribute
SH.FMC_D13_DA13.ConfNb=3
PI3.Locked=true
PD4.GPIO_Label=FMC_NOE [IS61WV102416BLL_OE]
PC13.GPIOParameters=GPIO_Label,PinAttribute
PF10.Signal=GPIO_Output
SH.S_CKOUTDFSDM1.0=DFSDM1_CKOUT,PDM_SPI_input_from_ch1_and_internal_clock
PI7.GPIO_Label=D29 [IS42S32800G_DQ29]
PF15.Signal=FMC_A9
PD14.GPIO_Label=D0 [IS42S32800G_DQ0]
PA4.GPIOParameters=GPIO_Label,PinAttribute
PF0.Locked=true
PE6.Signal=SAI1_SD_A
PB15.GPIOParameters=GPIO_Label,PinAttribute
PD11.PinAttribute=CortexM7
PE11.Locked=true
Mcu.Name=STM32H757XIHx
PA4.PinAttribute=Free
SH.FMC_D23.ConfNb=1
PE6.PinAttribute=CortexM7
PA2.Signal=ETH_MDIO
PC13.PinAttribute=Free
PD14.Signal=FMC_D0_DA0
PA7.GPIO_Label=RMII_CRS_DV [LAN8742A_CRS_DV]
PA12.Mode=Device_Only
PG12.Locked=true
PC14-OSC32_IN\ (OSC32_IN).Signal=RCC_OSC32_IN
PC5.GPIO_Label=RMII_RXD1 [LAN8742A_RXD1]
SH.FMC_D23.0=FMC_D23,sd-32b-d1
PG6.PinAttribute=CortexM7
SAI1.Instance-SAI_B_SyncSlave=SAI$Index_Block_B
PB7.Mode=I2C
DSI_CKN.GPIOParameters=PinAttribute
NVIC2.MemoryManagement_IRQn=true\:0\:0\:false\:false\:true\:false\:false
PF6.GPIOParameters=GPIO_Label,PinAttribute
PG12.GPIO_Label=RMII_TXD1 [LAN8742A_TXD1]
VP_LTDC_DSIMode.Mode=RGB888
PD5.PinAttribute=CortexM7
PH2.Locked=true
RCC.SAI4AFreq_Value=400000000
PC15-OSC32_OUT\ (OSC32_OUT).PinAttribute=CortexM7
RCC.DIVQ1Freq_Value=400000000
PB8.Signal=SDMMC1_CKIN
PE3.GPIO_Label=SAI1_SDB [WM8994ECS_ADCDAT1]
RCC.D3PPRE=RCC_APB4_DIV2
PC9.Signal=SDMMC1_D1
PC7.Mode=SD_4_bits_Wide_bus_dir_voltage_converter
RCC.VCOInput2Freq_Value=6250000
RCC.APB1Freq_Value=100000000
PB11.Locked=true
NVIC2.HardFault_IRQn=true\:0\:0\:false\:false\:true\:false\:false
ProjectManager.DeviceId=STM32H757XIHx
ProjectManager.LibraryCopy=1
PB1.GPIOParameters=GPIO_Label,PinAttribute
PA7.Signal=ETH_CRS_DV
PF2.GPIO_Label=A2 [PC28F128M29EWLA_A2]
